// !$*UTF8*$!
{
	archiveVersion = 1;
	classes = {
	};
	objectVersion = 55;
	objects = {

/* Begin PBXBuildFile section */
		67061ABD27C61DAE00810191 /* PopToRootRoute.swift in Sources */ = {isa = PBXBuildFile; fileRef = 67061ABC27C61DAE00810191 /* PopToRootRoute.swift */; };
		67061B0027C6720B00810191 /* NoteListRouter.swift in Sources */ = {isa = PBXBuildFile; fileRef = 67061AFD27C6720B00810191 /* NoteListRouter.swift */; };
		67061B0127C6720B00810191 /* NoteListViewController.swift in Sources */ = {isa = PBXBuildFile; fileRef = 67061AFE27C6720B00810191 /* NoteListViewController.swift */; };
		67061B0227C6720B00810191 /* NoteListViewModel.swift in Sources */ = {isa = PBXBuildFile; fileRef = 67061AFF27C6720B00810191 /* NoteListViewModel.swift */; };
		67061B0427C6722B00810191 /* NoteListRoute.swift in Sources */ = {isa = PBXBuildFile; fileRef = 67061B0327C6722B00810191 /* NoteListRoute.swift */; };
		67061B2227C79A8D00810191 /* NoteDetailsRouter.swift in Sources */ = {isa = PBXBuildFile; fileRef = 67061B1F27C79A8D00810191 /* NoteDetailsRouter.swift */; };
		67061B2327C79A8D00810191 /* NoteDetailsViewController.swift in Sources */ = {isa = PBXBuildFile; fileRef = 67061B2027C79A8D00810191 /* NoteDetailsViewController.swift */; };
		67061B2427C79A8D00810191 /* NoteDetailsViewModel.swift in Sources */ = {isa = PBXBuildFile; fileRef = 67061B2127C79A8D00810191 /* NoteDetailsViewModel.swift */; };
		67061B2627C79AA200810191 /* NoteDetailsRoute.swift in Sources */ = {isa = PBXBuildFile; fileRef = 67061B2527C79AA200810191 /* NoteDetailsRoute.swift */; };
		6709080027C4F24900700C60 /* Validation.swift in Sources */ = {isa = PBXBuildFile; fileRef = 670907FF27C4F24900700C60 /* Validation.swift */; };
		6709080527C533FE00700C60 /* ForgotPasswordRouter.swift in Sources */ = {isa = PBXBuildFile; fileRef = 6709080227C533FE00700C60 /* ForgotPasswordRouter.swift */; };
		6709080627C533FE00700C60 /* ForgotPasswordViewController.swift in Sources */ = {isa = PBXBuildFile; fileRef = 6709080327C533FE00700C60 /* ForgotPasswordViewController.swift */; };
		6709080727C533FE00700C60 /* ForgotPasswordViewModel.swift in Sources */ = {isa = PBXBuildFile; fileRef = 6709080427C533FE00700C60 /* ForgotPasswordViewModel.swift */; };
		6709080927C5343E00700C60 /* ForgotPasswordRoute.swift in Sources */ = {isa = PBXBuildFile; fileRef = 6709080827C5343E00700C60 /* ForgotPasswordRoute.swift */; };
		6709081227C5603B00700C60 /* ResetConfirmationRouter.swift in Sources */ = {isa = PBXBuildFile; fileRef = 6709080F27C5603B00700C60 /* ResetConfirmationRouter.swift */; };
		6709081327C5603B00700C60 /* ResetConfirmationViewController.swift in Sources */ = {isa = PBXBuildFile; fileRef = 6709081027C5603B00700C60 /* ResetConfirmationViewController.swift */; };
		6709081427C5603B00700C60 /* ResetConfirmationViewModel.swift in Sources */ = {isa = PBXBuildFile; fileRef = 6709081127C5603B00700C60 /* ResetConfirmationViewModel.swift */; };
		6709081627C5606B00700C60 /* ResetConfirmationRoute.swift in Sources */ = {isa = PBXBuildFile; fileRef = 6709081527C5606B00700C60 /* ResetConfirmationRoute.swift */; };
		6738489027BA5EE80094F2C7 /* ApiLogger.swift in Sources */ = {isa = PBXBuildFile; fileRef = 6738488F27BA5EE80094F2C7 /* ApiLogger.swift */; };
		6738489227BA5F060094F2C7 /* ApiRequestInterceptor.swift in Sources */ = {isa = PBXBuildFile; fileRef = 6738489127BA5F060094F2C7 /* ApiRequestInterceptor.swift */; };
		6738489427BA5F1C0094F2C7 /* DataProvider.swift in Sources */ = {isa = PBXBuildFile; fileRef = 6738489327BA5F1C0094F2C7 /* DataProvider.swift */; };
		673848C827BCFB2F0094F2C7 /* MainNavigationController.swift in Sources */ = {isa = PBXBuildFile; fileRef = 673848C727BCFB2F0094F2C7 /* MainNavigationController.swift */; };
		6750EC7B27BE9947002B84E0 /* AppDelegate+IQKeyboardManager.swift in Sources */ = {isa = PBXBuildFile; fileRef = 6750EC7A27BE9947002B84E0 /* AppDelegate+IQKeyboardManager.swift */; };
		6750EC8027BFB980002B84E0 /* RegisterRouter.swift in Sources */ = {isa = PBXBuildFile; fileRef = 6750EC7D27BFB980002B84E0 /* RegisterRouter.swift */; };
		6750EC8127BFB980002B84E0 /* RegisterViewController.swift in Sources */ = {isa = PBXBuildFile; fileRef = 6750EC7E27BFB980002B84E0 /* RegisterViewController.swift */; };
		6750EC8227BFB980002B84E0 /* RegisterViewModel.swift in Sources */ = {isa = PBXBuildFile; fileRef = 6750EC7F27BFB980002B84E0 /* RegisterViewModel.swift */; };
		6750EC8427BFB9A7002B84E0 /* RegisterRoute.swift in Sources */ = {isa = PBXBuildFile; fileRef = 6750EC8327BFB9A7002B84E0 /* RegisterRoute.swift */; };
		677FE10127D09CAD0069763E /* ProfileRouter.swift in Sources */ = {isa = PBXBuildFile; fileRef = 677FE0FE27D09CAD0069763E /* ProfileRouter.swift */; };
		677FE10227D09CAD0069763E /* ProfileViewController.swift in Sources */ = {isa = PBXBuildFile; fileRef = 677FE0FF27D09CAD0069763E /* ProfileViewController.swift */; };
		677FE10327D09CAD0069763E /* ProfileViewModel.swift in Sources */ = {isa = PBXBuildFile; fileRef = 677FE10027D09CAD0069763E /* ProfileViewModel.swift */; };
		677FE10527D09CC40069763E /* ProfileRoute.swift in Sources */ = {isa = PBXBuildFile; fileRef = 677FE10427D09CC40069763E /* ProfileRoute.swift */; };
		677FE11F27D0EFF20069763E /* ChangePasswordRouter.swift in Sources */ = {isa = PBXBuildFile; fileRef = 677FE11C27D0EFF20069763E /* ChangePasswordRouter.swift */; };
		677FE12027D0EFF20069763E /* ChangePasswordViewController.swift in Sources */ = {isa = PBXBuildFile; fileRef = 677FE11D27D0EFF20069763E /* ChangePasswordViewController.swift */; };
		677FE12127D0EFF20069763E /* ChangePasswordViewModel.swift in Sources */ = {isa = PBXBuildFile; fileRef = 677FE11E27D0EFF20069763E /* ChangePasswordViewModel.swift */; };
		677FE12327D0EFFE0069763E /* ChangePasswordRoute.swift in Sources */ = {isa = PBXBuildFile; fileRef = 677FE12227D0EFFE0069763E /* ChangePasswordRoute.swift */; };
		67E43EAC27CCE78000196BE9 /* NoteTableViewCellModel+Extension.swift in Sources */ = {isa = PBXBuildFile; fileRef = 67E43EAB27CCE78000196BE9 /* NoteTableViewCellModel+Extension.swift */; };
		67E43EB227CF41FD00196BE9 /* ShowType.swift in Sources */ = {isa = PBXBuildFile; fileRef = 67E43EB127CF41FD00196BE9 /* ShowType.swift */; };
		67E43EDD27CF998400196BE9 /* ListType.swift in Sources */ = {isa = PBXBuildFile; fileRef = 67E43EDC27CF998400196BE9 /* ListType.swift */; };
		67FE22BE27B4FD360078E2C2 /* AppDelegate.swift in Sources */ = {isa = PBXBuildFile; fileRef = 67FE22BD27B4FD360078E2C2 /* AppDelegate.swift */; };
		67FE22C727B4FD370078E2C2 /* Assets.xcassets in Resources */ = {isa = PBXBuildFile; fileRef = 67FE22C627B4FD370078E2C2 /* Assets.xcassets */; };
		67FE22CA27B4FD370078E2C2 /* LaunchScreen.storyboard in Resources */ = {isa = PBXBuildFile; fileRef = 67FE22C827B4FD370078E2C2 /* LaunchScreen.storyboard */; };
		67FE22D527B4FD370078E2C2 /* NoteSalihMVVMTests.swift in Sources */ = {isa = PBXBuildFile; fileRef = 67FE22D427B4FD370078E2C2 /* NoteSalihMVVMTests.swift */; };
		67FE22DF27B4FD370078E2C2 /* NoteSalihMVVMUITests.swift in Sources */ = {isa = PBXBuildFile; fileRef = 67FE22DE27B4FD370078E2C2 /* NoteSalihMVVMUITests.swift */; };
		67FE22E127B4FD370078E2C2 /* NoteSalihMVVMUITestsLaunchTests.swift in Sources */ = {isa = PBXBuildFile; fileRef = 67FE22E027B4FD370078E2C2 /* NoteSalihMVVMUITestsLaunchTests.swift */; };
		67FE23DF27B50EDB0078E2C2 /* DataProvider.framework in Frameworks */ = {isa = PBXBuildFile; fileRef = 67FE23DE27B50EDB0078E2C2 /* DataProvider.framework */; };
		67FE23E027B50EDB0078E2C2 /* DataProvider.framework in Embed Frameworks */ = {isa = PBXBuildFile; fileRef = 67FE23DE27B50EDB0078E2C2 /* DataProvider.framework */; settings = {ATTRIBUTES = (CodeSignOnCopy, RemoveHeadersOnCopy, ); }; };
		67FE23E327B510A60078E2C2 /* Utilities.framework in Frameworks */ = {isa = PBXBuildFile; fileRef = 67FE23E227B510A60078E2C2 /* Utilities.framework */; };
		67FE23E427B510A60078E2C2 /* Utilities.framework in Embed Frameworks */ = {isa = PBXBuildFile; fileRef = 67FE23E227B510A60078E2C2 /* Utilities.framework */; settings = {ATTRIBUTES = (CodeSignOnCopy, RemoveHeadersOnCopy, ); }; };
		67FE23E627B510AF0078E2C2 /* UIComponents.framework in Frameworks */ = {isa = PBXBuildFile; fileRef = 67FE23E527B510AF0078E2C2 /* UIComponents.framework */; };
		67FE23E727B510AF0078E2C2 /* UIComponents.framework in Embed Frameworks */ = {isa = PBXBuildFile; fileRef = 67FE23E527B510AF0078E2C2 /* UIComponents.framework */; settings = {ATTRIBUTES = (CodeSignOnCopy, RemoveHeadersOnCopy, ); }; };
		67FE23EE27B52F880078E2C2 /* Animator.swift in Sources */ = {isa = PBXBuildFile; fileRef = 67FE23ED27B52F880078E2C2 /* Animator.swift */; };
		67FE23F027B52FDE0078E2C2 /* Router.swift in Sources */ = {isa = PBXBuildFile; fileRef = 67FE23EF27B52FDE0078E2C2 /* Router.swift */; };
		67FE23F827B532A30078E2C2 /* PushTransition.swift in Sources */ = {isa = PBXBuildFile; fileRef = 67FE23F427B532A30078E2C2 /* PushTransition.swift */; };
		67FE23F927B532A30078E2C2 /* Transition.swift in Sources */ = {isa = PBXBuildFile; fileRef = 67FE23F527B532A30078E2C2 /* Transition.swift */; };
		67FE23FA27B532A30078E2C2 /* ModalTransition.swift in Sources */ = {isa = PBXBuildFile; fileRef = 67FE23F627B532A30078E2C2 /* ModalTransition.swift */; };
		67FE240627B5353F0078E2C2 /* BaseViewModel.swift in Sources */ = {isa = PBXBuildFile; fileRef = 67FE240327B5353F0078E2C2 /* BaseViewModel.swift */; };
		67FE240727B5353F0078E2C2 /* BaseRouter.swift in Sources */ = {isa = PBXBuildFile; fileRef = 67FE240427B5353F0078E2C2 /* BaseRouter.swift */; };
		67FE240827B5353F0078E2C2 /* BaseViewController.swift in Sources */ = {isa = PBXBuildFile; fileRef = 67FE240527B5353F0078E2C2 /* BaseViewController.swift */; };
		67FE241027B53B9F0078E2C2 /* PlaceOnWindowTransition.swift in Sources */ = {isa = PBXBuildFile; fileRef = 67FE240F27B53B9F0078E2C2 /* PlaceOnWindowTransition.swift */; };
		67FE241927B53DC60078E2C2 /* AppRouter.swift in Sources */ = {isa = PBXBuildFile; fileRef = 67FE241827B53DC60078E2C2 /* AppRouter.swift */; };
		67FE241F27B53E000078E2C2 /* LoginRouter.swift in Sources */ = {isa = PBXBuildFile; fileRef = 67FE241C27B53E000078E2C2 /* LoginRouter.swift */; };
		67FE242027B53E000078E2C2 /* LoginViewController.swift in Sources */ = {isa = PBXBuildFile; fileRef = 67FE241D27B53E000078E2C2 /* LoginViewController.swift */; };
		67FE242127B53E000078E2C2 /* LoginViewModel.swift in Sources */ = {isa = PBXBuildFile; fileRef = 67FE241E27B53E000078E2C2 /* LoginViewModel.swift */; };
		67FE242327B53E200078E2C2 /* LoginRoute.swift in Sources */ = {isa = PBXBuildFile; fileRef = 67FE242227B53E200078E2C2 /* LoginRoute.swift */; };
		72B21813783445B5B1482C47 /* Pods_NoteSalihMVVM.framework in Frameworks */ = {isa = PBXBuildFile; fileRef = E49D3916712FF904A4BF3635 /* Pods_NoteSalihMVVM.framework */; };
		9B658A5A67F0993F78B5C6AA /* Pods_NoteSalihMVVM_NoteSalihMVVMUITests.framework in Frameworks */ = {isa = PBXBuildFile; fileRef = 136820DD115292DD0F7097F4 /* Pods_NoteSalihMVVM_NoteSalihMVVMUITests.framework */; };
		D1A9799A3AAD5492011BC82F /* Pods_NoteSalihMVVMTests.framework in Frameworks */ = {isa = PBXBuildFile; fileRef = EA9DBAF7B14D3971350F42B1 /* Pods_NoteSalihMVVMTests.framework */; };
/* End PBXBuildFile section */

/* Begin PBXContainerItemProxy section */
		67FE22D127B4FD370078E2C2 /* PBXContainerItemProxy */ = {
			isa = PBXContainerItemProxy;
			containerPortal = 67FE22B227B4FD360078E2C2 /* Project object */;
			proxyType = 1;
			remoteGlobalIDString = 67FE22B927B4FD360078E2C2;
			remoteInfo = NoteSalihMVVM;
		};
		67FE22DB27B4FD370078E2C2 /* PBXContainerItemProxy */ = {
			isa = PBXContainerItemProxy;
			containerPortal = 67FE22B227B4FD360078E2C2 /* Project object */;
			proxyType = 1;
			remoteGlobalIDString = 67FE22B927B4FD360078E2C2;
			remoteInfo = NoteSalihMVVM;
		};
/* End PBXContainerItemProxy section */

/* Begin PBXCopyFilesBuildPhase section */
		67FE23E127B50EDB0078E2C2 /* Embed Frameworks */ = {
			isa = PBXCopyFilesBuildPhase;
			buildActionMask = 2147483647;
			dstPath = "";
			dstSubfolderSpec = 10;
			files = (
				67FE23E027B50EDB0078E2C2 /* DataProvider.framework in Embed Frameworks */,
				67FE23E727B510AF0078E2C2 /* UIComponents.framework in Embed Frameworks */,
				67FE23E427B510A60078E2C2 /* Utilities.framework in Embed Frameworks */,
			);
			name = "Embed Frameworks";
			runOnlyForDeploymentPostprocessing = 0;
		};
/* End PBXCopyFilesBuildPhase section */

/* Begin PBXFileReference section */
		136820DD115292DD0F7097F4 /* Pods_NoteSalihMVVM_NoteSalihMVVMUITests.framework */ = {isa = PBXFileReference; explicitFileType = wrapper.framework; includeInIndex = 0; path = Pods_NoteSalihMVVM_NoteSalihMVVMUITests.framework; sourceTree = BUILT_PRODUCTS_DIR; };
		37E38BD0E3BDFE12537DACD5 /* Pods-NoteSalihMVVM-NoteSalihMVVMUITests.debug.xcconfig */ = {isa = PBXFileReference; includeInIndex = 1; lastKnownFileType = text.xcconfig; name = "Pods-NoteSalihMVVM-NoteSalihMVVMUITests.debug.xcconfig"; path = "Target Support Files/Pods-NoteSalihMVVM-NoteSalihMVVMUITests/Pods-NoteSalihMVVM-NoteSalihMVVMUITests.debug.xcconfig"; sourceTree = "<group>"; };
		67061ABC27C61DAE00810191 /* PopToRootRoute.swift */ = {isa = PBXFileReference; lastKnownFileType = sourcecode.swift; path = PopToRootRoute.swift; sourceTree = "<group>"; };
		67061AFD27C6720B00810191 /* NoteListRouter.swift */ = {isa = PBXFileReference; lastKnownFileType = sourcecode.swift; path = NoteListRouter.swift; sourceTree = "<group>"; };
		67061AFE27C6720B00810191 /* NoteListViewController.swift */ = {isa = PBXFileReference; lastKnownFileType = sourcecode.swift; path = NoteListViewController.swift; sourceTree = "<group>"; };
		67061AFF27C6720B00810191 /* NoteListViewModel.swift */ = {isa = PBXFileReference; lastKnownFileType = sourcecode.swift; path = NoteListViewModel.swift; sourceTree = "<group>"; };
		67061B0327C6722B00810191 /* NoteListRoute.swift */ = {isa = PBXFileReference; lastKnownFileType = sourcecode.swift; path = NoteListRoute.swift; sourceTree = "<group>"; };
		67061B1F27C79A8D00810191 /* NoteDetailsRouter.swift */ = {isa = PBXFileReference; lastKnownFileType = sourcecode.swift; path = NoteDetailsRouter.swift; sourceTree = "<group>"; };
		67061B2027C79A8D00810191 /* NoteDetailsViewController.swift */ = {isa = PBXFileReference; lastKnownFileType = sourcecode.swift; path = NoteDetailsViewController.swift; sourceTree = "<group>"; };
		67061B2127C79A8D00810191 /* NoteDetailsViewModel.swift */ = {isa = PBXFileReference; lastKnownFileType = sourcecode.swift; path = NoteDetailsViewModel.swift; sourceTree = "<group>"; };
		67061B2527C79AA200810191 /* NoteDetailsRoute.swift */ = {isa = PBXFileReference; lastKnownFileType = sourcecode.swift; path = NoteDetailsRoute.swift; sourceTree = "<group>"; };
		670907FF27C4F24900700C60 /* Validation.swift */ = {isa = PBXFileReference; lastKnownFileType = sourcecode.swift; path = Validation.swift; sourceTree = "<group>"; };
		6709080227C533FE00700C60 /* ForgotPasswordRouter.swift */ = {isa = PBXFileReference; lastKnownFileType = sourcecode.swift; path = ForgotPasswordRouter.swift; sourceTree = "<group>"; };
		6709080327C533FE00700C60 /* ForgotPasswordViewController.swift */ = {isa = PBXFileReference; lastKnownFileType = sourcecode.swift; path = ForgotPasswordViewController.swift; sourceTree = "<group>"; };
		6709080427C533FE00700C60 /* ForgotPasswordViewModel.swift */ = {isa = PBXFileReference; lastKnownFileType = sourcecode.swift; path = ForgotPasswordViewModel.swift; sourceTree = "<group>"; };
		6709080827C5343E00700C60 /* ForgotPasswordRoute.swift */ = {isa = PBXFileReference; lastKnownFileType = sourcecode.swift; path = ForgotPasswordRoute.swift; sourceTree = "<group>"; };
		6709080F27C5603B00700C60 /* ResetConfirmationRouter.swift */ = {isa = PBXFileReference; lastKnownFileType = sourcecode.swift; path = ResetConfirmationRouter.swift; sourceTree = "<group>"; };
		6709081027C5603B00700C60 /* ResetConfirmationViewController.swift */ = {isa = PBXFileReference; lastKnownFileType = sourcecode.swift; path = ResetConfirmationViewController.swift; sourceTree = "<group>"; };
		6709081127C5603B00700C60 /* ResetConfirmationViewModel.swift */ = {isa = PBXFileReference; lastKnownFileType = sourcecode.swift; path = ResetConfirmationViewModel.swift; sourceTree = "<group>"; };
		6709081527C5606B00700C60 /* ResetConfirmationRoute.swift */ = {isa = PBXFileReference; lastKnownFileType = sourcecode.swift; path = ResetConfirmationRoute.swift; sourceTree = "<group>"; };
		6738488F27BA5EE80094F2C7 /* ApiLogger.swift */ = {isa = PBXFileReference; lastKnownFileType = sourcecode.swift; path = ApiLogger.swift; sourceTree = "<group>"; };
		6738489127BA5F060094F2C7 /* ApiRequestInterceptor.swift */ = {isa = PBXFileReference; lastKnownFileType = sourcecode.swift; path = ApiRequestInterceptor.swift; sourceTree = "<group>"; };
		6738489327BA5F1C0094F2C7 /* DataProvider.swift */ = {isa = PBXFileReference; lastKnownFileType = sourcecode.swift; path = DataProvider.swift; sourceTree = "<group>"; };
		673848C727BCFB2F0094F2C7 /* MainNavigationController.swift */ = {isa = PBXFileReference; lastKnownFileType = sourcecode.swift; path = MainNavigationController.swift; sourceTree = "<group>"; };
		6750EC7A27BE9947002B84E0 /* AppDelegate+IQKeyboardManager.swift */ = {isa = PBXFileReference; lastKnownFileType = sourcecode.swift; path = "AppDelegate+IQKeyboardManager.swift"; sourceTree = "<group>"; };
		6750EC7D27BFB980002B84E0 /* RegisterRouter.swift */ = {isa = PBXFileReference; lastKnownFileType = sourcecode.swift; path = RegisterRouter.swift; sourceTree = "<group>"; };
		6750EC7E27BFB980002B84E0 /* RegisterViewController.swift */ = {isa = PBXFileReference; lastKnownFileType = sourcecode.swift; path = RegisterViewController.swift; sourceTree = "<group>"; };
		6750EC7F27BFB980002B84E0 /* RegisterViewModel.swift */ = {isa = PBXFileReference; lastKnownFileType = sourcecode.swift; path = RegisterViewModel.swift; sourceTree = "<group>"; };
		6750EC8327BFB9A7002B84E0 /* RegisterRoute.swift */ = {isa = PBXFileReference; lastKnownFileType = sourcecode.swift; path = RegisterRoute.swift; sourceTree = "<group>"; };
		677FE0FE27D09CAD0069763E /* ProfileRouter.swift */ = {isa = PBXFileReference; lastKnownFileType = sourcecode.swift; path = ProfileRouter.swift; sourceTree = "<group>"; };
		677FE0FF27D09CAD0069763E /* ProfileViewController.swift */ = {isa = PBXFileReference; lastKnownFileType = sourcecode.swift; path = ProfileViewController.swift; sourceTree = "<group>"; };
		677FE10027D09CAD0069763E /* ProfileViewModel.swift */ = {isa = PBXFileReference; lastKnownFileType = sourcecode.swift; path = ProfileViewModel.swift; sourceTree = "<group>"; };
		677FE10427D09CC40069763E /* ProfileRoute.swift */ = {isa = PBXFileReference; lastKnownFileType = sourcecode.swift; path = ProfileRoute.swift; sourceTree = "<group>"; };
		677FE11C27D0EFF20069763E /* ChangePasswordRouter.swift */ = {isa = PBXFileReference; lastKnownFileType = sourcecode.swift; path = ChangePasswordRouter.swift; sourceTree = "<group>"; };
		677FE11D27D0EFF20069763E /* ChangePasswordViewController.swift */ = {isa = PBXFileReference; lastKnownFileType = sourcecode.swift; path = ChangePasswordViewController.swift; sourceTree = "<group>"; };
		677FE11E27D0EFF20069763E /* ChangePasswordViewModel.swift */ = {isa = PBXFileReference; lastKnownFileType = sourcecode.swift; path = ChangePasswordViewModel.swift; sourceTree = "<group>"; };
		677FE12227D0EFFE0069763E /* ChangePasswordRoute.swift */ = {isa = PBXFileReference; lastKnownFileType = sourcecode.swift; path = ChangePasswordRoute.swift; sourceTree = "<group>"; };
		67E43EAB27CCE78000196BE9 /* NoteTableViewCellModel+Extension.swift */ = {isa = PBXFileReference; lastKnownFileType = sourcecode.swift; path = "NoteTableViewCellModel+Extension.swift"; sourceTree = "<group>"; };
		67E43EB127CF41FD00196BE9 /* ShowType.swift */ = {isa = PBXFileReference; fileEncoding = 4; lastKnownFileType = sourcecode.swift; path = ShowType.swift; sourceTree = "<group>"; };
		67E43EDC27CF998400196BE9 /* ListType.swift */ = {isa = PBXFileReference; lastKnownFileType = sourcecode.swift; path = ListType.swift; sourceTree = "<group>"; };
		67FE22BA27B4FD360078E2C2 /* NoteSalihMVVM.app */ = {isa = PBXFileReference; explicitFileType = wrapper.application; includeInIndex = 0; path = NoteSalihMVVM.app; sourceTree = BUILT_PRODUCTS_DIR; };
		67FE22BD27B4FD360078E2C2 /* AppDelegate.swift */ = {isa = PBXFileReference; lastKnownFileType = sourcecode.swift; path = AppDelegate.swift; sourceTree = "<group>"; };
		67FE22C627B4FD370078E2C2 /* Assets.xcassets */ = {isa = PBXFileReference; lastKnownFileType = folder.assetcatalog; path = Assets.xcassets; sourceTree = "<group>"; };
		67FE22C927B4FD370078E2C2 /* Base */ = {isa = PBXFileReference; lastKnownFileType = file.storyboard; name = Base; path = Base.lproj/LaunchScreen.storyboard; sourceTree = "<group>"; };
		67FE22CB27B4FD370078E2C2 /* Info.plist */ = {isa = PBXFileReference; lastKnownFileType = text.plist.xml; path = Info.plist; sourceTree = "<group>"; };
		67FE22D027B4FD370078E2C2 /* NoteSalihMVVMTests.xctest */ = {isa = PBXFileReference; explicitFileType = wrapper.cfbundle; includeInIndex = 0; path = NoteSalihMVVMTests.xctest; sourceTree = BUILT_PRODUCTS_DIR; };
		67FE22D427B4FD370078E2C2 /* NoteSalihMVVMTests.swift */ = {isa = PBXFileReference; lastKnownFileType = sourcecode.swift; path = NoteSalihMVVMTests.swift; sourceTree = "<group>"; };
		67FE22DA27B4FD370078E2C2 /* NoteSalihMVVMUITests.xctest */ = {isa = PBXFileReference; explicitFileType = wrapper.cfbundle; includeInIndex = 0; path = NoteSalihMVVMUITests.xctest; sourceTree = BUILT_PRODUCTS_DIR; };
		67FE22DE27B4FD370078E2C2 /* NoteSalihMVVMUITests.swift */ = {isa = PBXFileReference; lastKnownFileType = sourcecode.swift; path = NoteSalihMVVMUITests.swift; sourceTree = "<group>"; };
		67FE22E027B4FD370078E2C2 /* NoteSalihMVVMUITestsLaunchTests.swift */ = {isa = PBXFileReference; lastKnownFileType = sourcecode.swift; path = NoteSalihMVVMUITestsLaunchTests.swift; sourceTree = "<group>"; };
		67FE235A27B501970078E2C2 /* DataProvider.framework */ = {isa = PBXFileReference; explicitFileType = wrapper.framework; path = DataProvider.framework; sourceTree = BUILT_PRODUCTS_DIR; };
		67FE235E27B5019B0078E2C2 /* UIComponents.framework */ = {isa = PBXFileReference; explicitFileType = wrapper.framework; path = UIComponents.framework; sourceTree = BUILT_PRODUCTS_DIR; };
		67FE236127B501A10078E2C2 /* Utilities.framework */ = {isa = PBXFileReference; explicitFileType = wrapper.framework; path = Utilities.framework; sourceTree = BUILT_PRODUCTS_DIR; };
		67FE236427B502020078E2C2 /* NoteSalihMVVM-Bridging-Header.h */ = {isa = PBXFileReference; lastKnownFileType = sourcecode.c.h; path = "NoteSalihMVVM-Bridging-Header.h"; sourceTree = "<group>"; };
		67FE23DE27B50EDB0078E2C2 /* DataProvider.framework */ = {isa = PBXFileReference; explicitFileType = wrapper.framework; path = DataProvider.framework; sourceTree = BUILT_PRODUCTS_DIR; };
		67FE23E227B510A60078E2C2 /* Utilities.framework */ = {isa = PBXFileReference; explicitFileType = wrapper.framework; path = Utilities.framework; sourceTree = BUILT_PRODUCTS_DIR; };
		67FE23E527B510AF0078E2C2 /* UIComponents.framework */ = {isa = PBXFileReference; explicitFileType = wrapper.framework; path = UIComponents.framework; sourceTree = BUILT_PRODUCTS_DIR; };
		67FE23ED27B52F880078E2C2 /* Animator.swift */ = {isa = PBXFileReference; lastKnownFileType = sourcecode.swift; path = Animator.swift; sourceTree = "<group>"; };
		67FE23EF27B52FDE0078E2C2 /* Router.swift */ = {isa = PBXFileReference; lastKnownFileType = sourcecode.swift; path = Router.swift; sourceTree = "<group>"; };
		67FE23F427B532A30078E2C2 /* PushTransition.swift */ = {isa = PBXFileReference; fileEncoding = 4; lastKnownFileType = sourcecode.swift; path = PushTransition.swift; sourceTree = "<group>"; };
		67FE23F527B532A30078E2C2 /* Transition.swift */ = {isa = PBXFileReference; fileEncoding = 4; lastKnownFileType = sourcecode.swift; path = Transition.swift; sourceTree = "<group>"; };
		67FE23F627B532A30078E2C2 /* ModalTransition.swift */ = {isa = PBXFileReference; fileEncoding = 4; lastKnownFileType = sourcecode.swift; path = ModalTransition.swift; sourceTree = "<group>"; };
		67FE240327B5353F0078E2C2 /* BaseViewModel.swift */ = {isa = PBXFileReference; fileEncoding = 4; lastKnownFileType = sourcecode.swift; path = BaseViewModel.swift; sourceTree = "<group>"; };
		67FE240427B5353F0078E2C2 /* BaseRouter.swift */ = {isa = PBXFileReference; fileEncoding = 4; lastKnownFileType = sourcecode.swift; path = BaseRouter.swift; sourceTree = "<group>"; };
		67FE240527B5353F0078E2C2 /* BaseViewController.swift */ = {isa = PBXFileReference; fileEncoding = 4; lastKnownFileType = sourcecode.swift; path = BaseViewController.swift; sourceTree = "<group>"; };
		67FE240F27B53B9F0078E2C2 /* PlaceOnWindowTransition.swift */ = {isa = PBXFileReference; fileEncoding = 4; lastKnownFileType = sourcecode.swift; path = PlaceOnWindowTransition.swift; sourceTree = "<group>"; };
		67FE241827B53DC60078E2C2 /* AppRouter.swift */ = {isa = PBXFileReference; lastKnownFileType = sourcecode.swift; path = AppRouter.swift; sourceTree = "<group>"; };
		67FE241C27B53E000078E2C2 /* LoginRouter.swift */ = {isa = PBXFileReference; lastKnownFileType = sourcecode.swift; path = LoginRouter.swift; sourceTree = "<group>"; };
		67FE241D27B53E000078E2C2 /* LoginViewController.swift */ = {isa = PBXFileReference; lastKnownFileType = sourcecode.swift; path = LoginViewController.swift; sourceTree = "<group>"; };
		67FE241E27B53E000078E2C2 /* LoginViewModel.swift */ = {isa = PBXFileReference; lastKnownFileType = sourcecode.swift; path = LoginViewModel.swift; sourceTree = "<group>"; };
		67FE242227B53E200078E2C2 /* LoginRoute.swift */ = {isa = PBXFileReference; lastKnownFileType = sourcecode.swift; path = LoginRoute.swift; sourceTree = "<group>"; };
		6E78A5350026118ADDFEAC28 /* Pods-NoteSalihMVVM.release.xcconfig */ = {isa = PBXFileReference; includeInIndex = 1; lastKnownFileType = text.xcconfig; name = "Pods-NoteSalihMVVM.release.xcconfig"; path = "Target Support Files/Pods-NoteSalihMVVM/Pods-NoteSalihMVVM.release.xcconfig"; sourceTree = "<group>"; };
		8BB9377AAB1574DA8F8139FA /* Pods-NoteSalihMVVM-NoteSalihMVVMUITests.release.xcconfig */ = {isa = PBXFileReference; includeInIndex = 1; lastKnownFileType = text.xcconfig; name = "Pods-NoteSalihMVVM-NoteSalihMVVMUITests.release.xcconfig"; path = "Target Support Files/Pods-NoteSalihMVVM-NoteSalihMVVMUITests/Pods-NoteSalihMVVM-NoteSalihMVVMUITests.release.xcconfig"; sourceTree = "<group>"; };
		8F320E93418F72FCBEE9E50A /* Pods-NoteSalihMVVMTests.release.xcconfig */ = {isa = PBXFileReference; includeInIndex = 1; lastKnownFileType = text.xcconfig; name = "Pods-NoteSalihMVVMTests.release.xcconfig"; path = "Target Support Files/Pods-NoteSalihMVVMTests/Pods-NoteSalihMVVMTests.release.xcconfig"; sourceTree = "<group>"; };
		B8A02CBEF44F7BDCCDAE7C33 /* Pods-NoteSalihMVVM.debug.xcconfig */ = {isa = PBXFileReference; includeInIndex = 1; lastKnownFileType = text.xcconfig; name = "Pods-NoteSalihMVVM.debug.xcconfig"; path = "Target Support Files/Pods-NoteSalihMVVM/Pods-NoteSalihMVVM.debug.xcconfig"; sourceTree = "<group>"; };
		C8771307FEB325D75A2BBC9E /* Pods-NoteSalihMVVMTests.debug.xcconfig */ = {isa = PBXFileReference; includeInIndex = 1; lastKnownFileType = text.xcconfig; name = "Pods-NoteSalihMVVMTests.debug.xcconfig"; path = "Target Support Files/Pods-NoteSalihMVVMTests/Pods-NoteSalihMVVMTests.debug.xcconfig"; sourceTree = "<group>"; };
		E49D3916712FF904A4BF3635 /* Pods_NoteSalihMVVM.framework */ = {isa = PBXFileReference; explicitFileType = wrapper.framework; includeInIndex = 0; path = Pods_NoteSalihMVVM.framework; sourceTree = BUILT_PRODUCTS_DIR; };
		EA9DBAF7B14D3971350F42B1 /* Pods_NoteSalihMVVMTests.framework */ = {isa = PBXFileReference; explicitFileType = wrapper.framework; includeInIndex = 0; path = Pods_NoteSalihMVVMTests.framework; sourceTree = BUILT_PRODUCTS_DIR; };
/* End PBXFileReference section */

/* Begin PBXFrameworksBuildPhase section */
		67FE22B727B4FD360078E2C2 /* Frameworks */ = {
			isa = PBXFrameworksBuildPhase;
			buildActionMask = 2147483647;
			files = (
				72B21813783445B5B1482C47 /* Pods_NoteSalihMVVM.framework in Frameworks */,
				67FE23E327B510A60078E2C2 /* Utilities.framework in Frameworks */,
				67FE23E627B510AF0078E2C2 /* UIComponents.framework in Frameworks */,
				67FE23DF27B50EDB0078E2C2 /* DataProvider.framework in Frameworks */,
			);
			runOnlyForDeploymentPostprocessing = 0;
		};
		67FE22CD27B4FD370078E2C2 /* Frameworks */ = {
			isa = PBXFrameworksBuildPhase;
			buildActionMask = 2147483647;
			files = (
				D1A9799A3AAD5492011BC82F /* Pods_NoteSalihMVVMTests.framework in Frameworks */,
			);
			runOnlyForDeploymentPostprocessing = 0;
		};
		67FE22D727B4FD370078E2C2 /* Frameworks */ = {
			isa = PBXFrameworksBuildPhase;
			buildActionMask = 2147483647;
			files = (
				9B658A5A67F0993F78B5C6AA /* Pods_NoteSalihMVVM_NoteSalihMVVMUITests.framework in Frameworks */,
			);
			runOnlyForDeploymentPostprocessing = 0;
		};
/* End PBXFrameworksBuildPhase section */

/* Begin PBXGroup section */
		67061ABB27C61D5A00810191 /* Routes */ = {
			isa = PBXGroup;
			children = (
				67061ABC27C61DAE00810191 /* PopToRootRoute.swift */,
			);
			path = Routes;
			sourceTree = "<group>";
		};
		67061AFC27C671DC00810191 /* NoteList */ = {
			isa = PBXGroup;
			children = (
				67061AFD27C6720B00810191 /* NoteListRouter.swift */,
				67061AFE27C6720B00810191 /* NoteListViewController.swift */,
				67061AFF27C6720B00810191 /* NoteListViewModel.swift */,
				67061B0327C6722B00810191 /* NoteListRoute.swift */,
			);
			path = NoteList;
			sourceTree = "<group>";
		};
		67061B1E27C7991200810191 /* NoteDetails */ = {
			isa = PBXGroup;
			children = (
				67061B1F27C79A8D00810191 /* NoteDetailsRouter.swift */,
				67061B2027C79A8D00810191 /* NoteDetailsViewController.swift */,
				67061B2127C79A8D00810191 /* NoteDetailsViewModel.swift */,
				67061B2527C79AA200810191 /* NoteDetailsRoute.swift */,
			);
			path = NoteDetails;
			sourceTree = "<group>";
		};
		670907FE27C4F23400700C60 /* Validation */ = {
			isa = PBXGroup;
			children = (
				670907FF27C4F24900700C60 /* Validation.swift */,
			);
			path = Validation;
			sourceTree = "<group>";
		};
		6709080127C533DB00700C60 /* ForgotPassword */ = {
			isa = PBXGroup;
			children = (
				6709080327C533FE00700C60 /* ForgotPasswordViewController.swift */,
				6709080427C533FE00700C60 /* ForgotPasswordViewModel.swift */,
				6709080227C533FE00700C60 /* ForgotPasswordRouter.swift */,
				6709080827C5343E00700C60 /* ForgotPasswordRoute.swift */,
			);
			path = ForgotPassword;
			sourceTree = "<group>";
		};
		6709080E27C5601000700C60 /* ResetConfirmation */ = {
			isa = PBXGroup;
			children = (
				6709081027C5603B00700C60 /* ResetConfirmationViewController.swift */,
				6709081127C5603B00700C60 /* ResetConfirmationViewModel.swift */,
				6709080F27C5603B00700C60 /* ResetConfirmationRouter.swift */,
				6709081527C5606B00700C60 /* ResetConfirmationRoute.swift */,
			);
			path = ResetConfirmation;
			sourceTree = "<group>";
		};
		6738488E27BA5E9C0094F2C7 /* DataProvider */ = {
			isa = PBXGroup;
			children = (
				6738488F27BA5EE80094F2C7 /* ApiLogger.swift */,
				6738489127BA5F060094F2C7 /* ApiRequestInterceptor.swift */,
				6738489327BA5F1C0094F2C7 /* DataProvider.swift */,
			);
			path = DataProvider;
			sourceTree = "<group>";
		};
		6750EC7C27BFB94B002B84E0 /* Register */ = {
			isa = PBXGroup;
			children = (
				6750EC7E27BFB980002B84E0 /* RegisterViewController.swift */,
				6750EC7F27BFB980002B84E0 /* RegisterViewModel.swift */,
				6750EC7D27BFB980002B84E0 /* RegisterRouter.swift */,
				6750EC8327BFB9A7002B84E0 /* RegisterRoute.swift */,
			);
			path = Register;
			sourceTree = "<group>";
		};
		677FE0FD27D09C250069763E /* Profile */ = {
			isa = PBXGroup;
			children = (
				677FE0FE27D09CAD0069763E /* ProfileRouter.swift */,
				677FE0FF27D09CAD0069763E /* ProfileViewController.swift */,
				677FE10027D09CAD0069763E /* ProfileViewModel.swift */,
				677FE10427D09CC40069763E /* ProfileRoute.swift */,
			);
			path = Profile;
			sourceTree = "<group>";
		};
		677FE11B27D0EFD00069763E /* ChangePassword */ = {
			isa = PBXGroup;
			children = (
				677FE11D27D0EFF20069763E /* ChangePasswordViewController.swift */,
				677FE11E27D0EFF20069763E /* ChangePasswordViewModel.swift */,
				677FE11C27D0EFF20069763E /* ChangePasswordRouter.swift */,
				677FE12227D0EFFE0069763E /* ChangePasswordRoute.swift */,
			);
			path = ChangePassword;
			sourceTree = "<group>";
		};
		67E43EA527CCCAAF00196BE9 /* Entity */ = {
			isa = PBXGroup;
			children = (
				67E43EA827CCCCB200196BE9 /* Enum */,
			);
			path = Entity;
			sourceTree = "<group>";
		};
		67E43EA827CCCCB200196BE9 /* Enum */ = {
			isa = PBXGroup;
			children = (
				67E43EB127CF41FD00196BE9 /* ShowType.swift */,
				67E43EDC27CF998400196BE9 /* ListType.swift */,
			);
			path = Enum;
			sourceTree = "<group>";
		};
		67E43EA927CCE75D00196BE9 /* UIComponents */ = {
			isa = PBXGroup;
			children = (
				67E43EAA27CCE76700196BE9 /* Cells */,
			);
			path = UIComponents;
			sourceTree = "<group>";
		};
		67E43EAA27CCE76700196BE9 /* Cells */ = {
			isa = PBXGroup;
			children = (
				67E43EAB27CCE78000196BE9 /* NoteTableViewCellModel+Extension.swift */,
			);
			path = Cells;
			sourceTree = "<group>";
		};
		67FE22B127B4FD360078E2C2 = {
			isa = PBXGroup;
			children = (
				67FE22BC27B4FD360078E2C2 /* NoteSalihMVVM */,
				67FE22D327B4FD370078E2C2 /* NoteSalihMVVMTests */,
				67FE22DD27B4FD370078E2C2 /* NoteSalihMVVMUITests */,
				67FE22BB27B4FD360078E2C2 /* Products */,
				90BF16B35B973056F03364FA /* Pods */,
				E5AC2FB2BFBE87CDDB033303 /* Frameworks */,
			);
			sourceTree = "<group>";
		};
		67FE22BB27B4FD360078E2C2 /* Products */ = {
			isa = PBXGroup;
			children = (
				67FE22BA27B4FD360078E2C2 /* NoteSalihMVVM.app */,
				67FE22D027B4FD370078E2C2 /* NoteSalihMVVMTests.xctest */,
				67FE22DA27B4FD370078E2C2 /* NoteSalihMVVMUITests.xctest */,
			);
			name = Products;
			sourceTree = "<group>";
		};
		67FE22BC27B4FD360078E2C2 /* NoteSalihMVVM */ = {
			isa = PBXGroup;
			children = (
				67E43EA927CCE75D00196BE9 /* UIComponents */,
				670907FE27C4F23400700C60 /* Validation */,
				67FE23E827B525BD0078E2C2 /* AppDelegate */,
				67FE23E927B52EAC0078E2C2 /* Configurations */,
				67E43EA527CCCAAF00196BE9 /* Entity */,
				67FE23EB27B52ED80078E2C2 /* Routing */,
				67FE23FB27B533BC0078E2C2 /* Scenes */,
				6738488E27BA5E9C0094F2C7 /* DataProvider */,
				67FE22C627B4FD370078E2C2 /* Assets.xcassets */,
				67FE22C827B4FD370078E2C2 /* LaunchScreen.storyboard */,
			);
			path = NoteSalihMVVM;
			sourceTree = "<group>";
		};
		67FE22D327B4FD370078E2C2 /* NoteSalihMVVMTests */ = {
			isa = PBXGroup;
			children = (
				67FE22D427B4FD370078E2C2 /* NoteSalihMVVMTests.swift */,
			);
			path = NoteSalihMVVMTests;
			sourceTree = "<group>";
		};
		67FE22DD27B4FD370078E2C2 /* NoteSalihMVVMUITests */ = {
			isa = PBXGroup;
			children = (
				67FE22DE27B4FD370078E2C2 /* NoteSalihMVVMUITests.swift */,
				67FE22E027B4FD370078E2C2 /* NoteSalihMVVMUITestsLaunchTests.swift */,
			);
			path = NoteSalihMVVMUITests;
			sourceTree = "<group>";
		};
		67FE23E827B525BD0078E2C2 /* AppDelegate */ = {
			isa = PBXGroup;
			children = (
				67FE22BD27B4FD360078E2C2 /* AppDelegate.swift */,
				6750EC7A27BE9947002B84E0 /* AppDelegate+IQKeyboardManager.swift */,
			);
			path = AppDelegate;
			sourceTree = "<group>";
		};
		67FE23E927B52EAC0078E2C2 /* Configurations */ = {
			isa = PBXGroup;
			children = (
				67FE23EA27B52EB40078E2C2 /* BridgingHeader */,
				67FE23F127B5319E0078E2C2 /* Release */,
			);
			path = Configurations;
			sourceTree = "<group>";
		};
		67FE23EA27B52EB40078E2C2 /* BridgingHeader */ = {
			isa = PBXGroup;
			children = (
				67FE236427B502020078E2C2 /* NoteSalihMVVM-Bridging-Header.h */,
			);
			path = BridgingHeader;
			sourceTree = "<group>";
		};
		67FE23EB27B52ED80078E2C2 /* Routing */ = {
			isa = PBXGroup;
			children = (
				67061ABB27C61D5A00810191 /* Routes */,
				67FE241727B53DB60078E2C2 /* Routers */,
				67FE23EC27B52EF40078E2C2 /* Core */,
				67FE23F227B532640078E2C2 /* Transitions */,
			);
			path = Routing;
			sourceTree = "<group>";
		};
		67FE23EC27B52EF40078E2C2 /* Core */ = {
			isa = PBXGroup;
			children = (
				67FE23ED27B52F880078E2C2 /* Animator.swift */,
				67FE23EF27B52FDE0078E2C2 /* Router.swift */,
			);
			path = Core;
			sourceTree = "<group>";
		};
		67FE23F127B5319E0078E2C2 /* Release */ = {
			isa = PBXGroup;
			children = (
				67FE22CB27B4FD370078E2C2 /* Info.plist */,
			);
			path = Release;
			sourceTree = "<group>";
		};
		67FE23F227B532640078E2C2 /* Transitions */ = {
			isa = PBXGroup;
			children = (
				67FE23F627B532A30078E2C2 /* ModalTransition.swift */,
				67FE23F427B532A30078E2C2 /* PushTransition.swift */,
				67FE240F27B53B9F0078E2C2 /* PlaceOnWindowTransition.swift */,
				67FE23F527B532A30078E2C2 /* Transition.swift */,
			);
			path = Transitions;
			sourceTree = "<group>";
		};
		67FE23FB27B533BC0078E2C2 /* Scenes */ = {
			isa = PBXGroup;
			children = (
				67FE23FC27B533C50078E2C2 /* Base */,
				67FE241A27B53DE60078E2C2 /* Auth */,
				67061AFC27C671DC00810191 /* NoteList */,
				67061B1E27C7991200810191 /* NoteDetails */,
				677FE0FD27D09C250069763E /* Profile */,
				677FE11B27D0EFD00069763E /* ChangePassword */,
			);
			path = Scenes;
			sourceTree = "<group>";
		};
		67FE23FC27B533C50078E2C2 /* Base */ = {
			isa = PBXGroup;
			children = (
				67FE240427B5353F0078E2C2 /* BaseRouter.swift */,
				67FE240527B5353F0078E2C2 /* BaseViewController.swift */,
				67FE240327B5353F0078E2C2 /* BaseViewModel.swift */,
				673848C727BCFB2F0094F2C7 /* MainNavigationController.swift */,
			);
			path = Base;
			sourceTree = "<group>";
		};
		67FE241727B53DB60078E2C2 /* Routers */ = {
			isa = PBXGroup;
			children = (
				67FE241827B53DC60078E2C2 /* AppRouter.swift */,
			);
			path = Routers;
			sourceTree = "<group>";
		};
		67FE241A27B53DE60078E2C2 /* Auth */ = {
			isa = PBXGroup;
			children = (
				6750EC7C27BFB94B002B84E0 /* Register */,
				67FE241B27B53DEB0078E2C2 /* Login */,
				6709080127C533DB00700C60 /* ForgotPassword */,
				6709080E27C5601000700C60 /* ResetConfirmation */,
			);
			path = Auth;
			sourceTree = "<group>";
		};
		67FE241B27B53DEB0078E2C2 /* Login */ = {
			isa = PBXGroup;
			children = (
				67FE241D27B53E000078E2C2 /* LoginViewController.swift */,
				67FE241E27B53E000078E2C2 /* LoginViewModel.swift */,
				67FE241C27B53E000078E2C2 /* LoginRouter.swift */,
				67FE242227B53E200078E2C2 /* LoginRoute.swift */,
			);
			path = Login;
			sourceTree = "<group>";
		};
		90BF16B35B973056F03364FA /* Pods */ = {
			isa = PBXGroup;
			children = (
				B8A02CBEF44F7BDCCDAE7C33 /* Pods-NoteSalihMVVM.debug.xcconfig */,
				6E78A5350026118ADDFEAC28 /* Pods-NoteSalihMVVM.release.xcconfig */,
				37E38BD0E3BDFE12537DACD5 /* Pods-NoteSalihMVVM-NoteSalihMVVMUITests.debug.xcconfig */,
				8BB9377AAB1574DA8F8139FA /* Pods-NoteSalihMVVM-NoteSalihMVVMUITests.release.xcconfig */,
				C8771307FEB325D75A2BBC9E /* Pods-NoteSalihMVVMTests.debug.xcconfig */,
				8F320E93418F72FCBEE9E50A /* Pods-NoteSalihMVVMTests.release.xcconfig */,
			);
			path = Pods;
			sourceTree = "<group>";
		};
		E5AC2FB2BFBE87CDDB033303 /* Frameworks */ = {
			isa = PBXGroup;
			children = (
				67FE23E527B510AF0078E2C2 /* UIComponents.framework */,
				67FE23E227B510A60078E2C2 /* Utilities.framework */,
				67FE23DE27B50EDB0078E2C2 /* DataProvider.framework */,
				67FE236127B501A10078E2C2 /* Utilities.framework */,
				67FE235E27B5019B0078E2C2 /* UIComponents.framework */,
				67FE235A27B501970078E2C2 /* DataProvider.framework */,
				E49D3916712FF904A4BF3635 /* Pods_NoteSalihMVVM.framework */,
				136820DD115292DD0F7097F4 /* Pods_NoteSalihMVVM_NoteSalihMVVMUITests.framework */,
				EA9DBAF7B14D3971350F42B1 /* Pods_NoteSalihMVVMTests.framework */,
			);
			name = Frameworks;
			sourceTree = "<group>";
		};
/* End PBXGroup section */

/* Begin PBXNativeTarget section */
		67FE22B927B4FD360078E2C2 /* NoteSalihMVVM */ = {
			isa = PBXNativeTarget;
			buildConfigurationList = 67FE22E427B4FD370078E2C2 /* Build configuration list for PBXNativeTarget "NoteSalihMVVM" */;
			buildPhases = (
				ED391B9ABA91CEC25C589E5D /* [CP] Check Pods Manifest.lock */,
				67FE22ED27B4FE800078E2C2 /* Run SwiftLint */,
				67FE22B627B4FD360078E2C2 /* Sources */,
				67FE22B727B4FD360078E2C2 /* Frameworks */,
				67FE22B827B4FD360078E2C2 /* Resources */,
				67FE23E127B50EDB0078E2C2 /* Embed Frameworks */,
				F19163151869166859EDE38F /* [CP] Embed Pods Frameworks */,
			);
			buildRules = (
			);
			dependencies = (
			);
			name = NoteSalihMVVM;
			productName = NoteSalihMVVM;
			productReference = 67FE22BA27B4FD360078E2C2 /* NoteSalihMVVM.app */;
			productType = "com.apple.product-type.application";
		};
		67FE22CF27B4FD370078E2C2 /* NoteSalihMVVMTests */ = {
			isa = PBXNativeTarget;
			buildConfigurationList = 67FE22E727B4FD370078E2C2 /* Build configuration list for PBXNativeTarget "NoteSalihMVVMTests" */;
			buildPhases = (
				6B101505BBC858FA1C0DB9E3 /* [CP] Check Pods Manifest.lock */,
				67FE22CC27B4FD370078E2C2 /* Sources */,
				67FE22CD27B4FD370078E2C2 /* Frameworks */,
				67FE22CE27B4FD370078E2C2 /* Resources */,
			);
			buildRules = (
			);
			dependencies = (
				67FE22D227B4FD370078E2C2 /* PBXTargetDependency */,
			);
			name = NoteSalihMVVMTests;
			productName = NoteSalihMVVMTests;
			productReference = 67FE22D027B4FD370078E2C2 /* NoteSalihMVVMTests.xctest */;
			productType = "com.apple.product-type.bundle.unit-test";
		};
		67FE22D927B4FD370078E2C2 /* NoteSalihMVVMUITests */ = {
			isa = PBXNativeTarget;
			buildConfigurationList = 67FE22EA27B4FD370078E2C2 /* Build configuration list for PBXNativeTarget "NoteSalihMVVMUITests" */;
			buildPhases = (
				2FC597F5C4E080181896F14E /* [CP] Check Pods Manifest.lock */,
				67FE22D627B4FD370078E2C2 /* Sources */,
				67FE22D727B4FD370078E2C2 /* Frameworks */,
				67FE22D827B4FD370078E2C2 /* Resources */,
				10F123A1EA5EF5199A038046 /* [CP] Embed Pods Frameworks */,
			);
			buildRules = (
			);
			dependencies = (
				67FE22DC27B4FD370078E2C2 /* PBXTargetDependency */,
			);
			name = NoteSalihMVVMUITests;
			productName = NoteSalihMVVMUITests;
			productReference = 67FE22DA27B4FD370078E2C2 /* NoteSalihMVVMUITests.xctest */;
			productType = "com.apple.product-type.bundle.ui-testing";
		};
/* End PBXNativeTarget section */

/* Begin PBXProject section */
		67FE22B227B4FD360078E2C2 /* Project object */ = {
			isa = PBXProject;
			attributes = {
				BuildIndependentTargetsInParallel = 1;
				LastSwiftUpdateCheck = 1320;
				LastUpgradeCheck = 1320;
				TargetAttributes = {
					67FE22B927B4FD360078E2C2 = {
						CreatedOnToolsVersion = 13.2.1;
						LastSwiftMigration = 1320;
					};
					67FE22CF27B4FD370078E2C2 = {
						CreatedOnToolsVersion = 13.2.1;
						TestTargetID = 67FE22B927B4FD360078E2C2;
					};
					67FE22D927B4FD370078E2C2 = {
						CreatedOnToolsVersion = 13.2.1;
						TestTargetID = 67FE22B927B4FD360078E2C2;
					};
				};
			};
			buildConfigurationList = 67FE22B527B4FD360078E2C2 /* Build configuration list for PBXProject "NoteSalihMVVM" */;
			compatibilityVersion = "Xcode 13.0";
			developmentRegion = en;
			hasScannedForEncodings = 0;
			knownRegions = (
				en,
				Base,
			);
			mainGroup = 67FE22B127B4FD360078E2C2;
			productRefGroup = 67FE22BB27B4FD360078E2C2 /* Products */;
			projectDirPath = "";
			projectRoot = "";
			targets = (
				67FE22B927B4FD360078E2C2 /* NoteSalihMVVM */,
				67FE22CF27B4FD370078E2C2 /* NoteSalihMVVMTests */,
				67FE22D927B4FD370078E2C2 /* NoteSalihMVVMUITests */,
			);
		};
/* End PBXProject section */

/* Begin PBXResourcesBuildPhase section */
		67FE22B827B4FD360078E2C2 /* Resources */ = {
			isa = PBXResourcesBuildPhase;
			buildActionMask = 2147483647;
			files = (
				67FE22CA27B4FD370078E2C2 /* LaunchScreen.storyboard in Resources */,
				67FE22C727B4FD370078E2C2 /* Assets.xcassets in Resources */,
			);
			runOnlyForDeploymentPostprocessing = 0;
		};
		67FE22CE27B4FD370078E2C2 /* Resources */ = {
			isa = PBXResourcesBuildPhase;
			buildActionMask = 2147483647;
			files = (
			);
			runOnlyForDeploymentPostprocessing = 0;
		};
		67FE22D827B4FD370078E2C2 /* Resources */ = {
			isa = PBXResourcesBuildPhase;
			buildActionMask = 2147483647;
			files = (
			);
			runOnlyForDeploymentPostprocessing = 0;
		};
/* End PBXResourcesBuildPhase section */

/* Begin PBXShellScriptBuildPhase section */
		10F123A1EA5EF5199A038046 /* [CP] Embed Pods Frameworks */ = {
			isa = PBXShellScriptBuildPhase;
			buildActionMask = 2147483647;
			files = (
			);
			inputFileListPaths = (
				"${PODS_ROOT}/Target Support Files/Pods-NoteSalihMVVM-NoteSalihMVVMUITests/Pods-NoteSalihMVVM-NoteSalihMVVMUITests-frameworks-${CONFIGURATION}-input-files.xcfilelist",
			);
			name = "[CP] Embed Pods Frameworks";
			outputFileListPaths = (
				"${PODS_ROOT}/Target Support Files/Pods-NoteSalihMVVM-NoteSalihMVVMUITests/Pods-NoteSalihMVVM-NoteSalihMVVMUITests-frameworks-${CONFIGURATION}-output-files.xcfilelist",
			);
			runOnlyForDeploymentPostprocessing = 0;
			shellPath = /bin/sh;
			shellScript = "\"${PODS_ROOT}/Target Support Files/Pods-NoteSalihMVVM-NoteSalihMVVMUITests/Pods-NoteSalihMVVM-NoteSalihMVVMUITests-frameworks.sh\"\n";
			showEnvVarsInLog = 0;
		};
		2FC597F5C4E080181896F14E /* [CP] Check Pods Manifest.lock */ = {
			isa = PBXShellScriptBuildPhase;
			buildActionMask = 2147483647;
			files = (
			);
			inputFileListPaths = (
			);
			inputPaths = (
				"${PODS_PODFILE_DIR_PATH}/Podfile.lock",
				"${PODS_ROOT}/Manifest.lock",
			);
			name = "[CP] Check Pods Manifest.lock";
			outputFileListPaths = (
			);
			outputPaths = (
				"$(DERIVED_FILE_DIR)/Pods-NoteSalihMVVM-NoteSalihMVVMUITests-checkManifestLockResult.txt",
			);
			runOnlyForDeploymentPostprocessing = 0;
			shellPath = /bin/sh;
			shellScript = "diff \"${PODS_PODFILE_DIR_PATH}/Podfile.lock\" \"${PODS_ROOT}/Manifest.lock\" > /dev/null\nif [ $? != 0 ] ; then\n    # print error to STDERR\n    echo \"error: The sandbox is not in sync with the Podfile.lock. Run 'pod install' or update your CocoaPods installation.\" >&2\n    exit 1\nfi\n# This output is used by Xcode 'outputs' to avoid re-running this script phase.\necho \"SUCCESS\" > \"${SCRIPT_OUTPUT_FILE_0}\"\n";
			showEnvVarsInLog = 0;
		};
		67FE22ED27B4FE800078E2C2 /* Run SwiftLint */ = {
			isa = PBXShellScriptBuildPhase;
			buildActionMask = 2147483647;
			files = (
			);
			inputFileListPaths = (
			);
			inputPaths = (
			);
			name = "Run SwiftLint";
			outputFileListPaths = (
			);
			outputPaths = (
			);
			runOnlyForDeploymentPostprocessing = 0;
			shellPath = /bin/sh;
			shellScript = "\"${PODS_ROOT}/SwiftLint/swiftlint\"\n";
		};
		6B101505BBC858FA1C0DB9E3 /* [CP] Check Pods Manifest.lock */ = {
			isa = PBXShellScriptBuildPhase;
			buildActionMask = 2147483647;
			files = (
			);
			inputFileListPaths = (
			);
			inputPaths = (
				"${PODS_PODFILE_DIR_PATH}/Podfile.lock",
				"${PODS_ROOT}/Manifest.lock",
			);
			name = "[CP] Check Pods Manifest.lock";
			outputFileListPaths = (
			);
			outputPaths = (
				"$(DERIVED_FILE_DIR)/Pods-NoteSalihMVVMTests-checkManifestLockResult.txt",
			);
			runOnlyForDeploymentPostprocessing = 0;
			shellPath = /bin/sh;
			shellScript = "diff \"${PODS_PODFILE_DIR_PATH}/Podfile.lock\" \"${PODS_ROOT}/Manifest.lock\" > /dev/null\nif [ $? != 0 ] ; then\n    # print error to STDERR\n    echo \"error: The sandbox is not in sync with the Podfile.lock. Run 'pod install' or update your CocoaPods installation.\" >&2\n    exit 1\nfi\n# This output is used by Xcode 'outputs' to avoid re-running this script phase.\necho \"SUCCESS\" > \"${SCRIPT_OUTPUT_FILE_0}\"\n";
			showEnvVarsInLog = 0;
		};
		ED391B9ABA91CEC25C589E5D /* [CP] Check Pods Manifest.lock */ = {
			isa = PBXShellScriptBuildPhase;
			buildActionMask = 2147483647;
			files = (
			);
			inputFileListPaths = (
			);
			inputPaths = (
				"${PODS_PODFILE_DIR_PATH}/Podfile.lock",
				"${PODS_ROOT}/Manifest.lock",
			);
			name = "[CP] Check Pods Manifest.lock";
			outputFileListPaths = (
			);
			outputPaths = (
				"$(DERIVED_FILE_DIR)/Pods-NoteSalihMVVM-checkManifestLockResult.txt",
			);
			runOnlyForDeploymentPostprocessing = 0;
			shellPath = /bin/sh;
			shellScript = "diff \"${PODS_PODFILE_DIR_PATH}/Podfile.lock\" \"${PODS_ROOT}/Manifest.lock\" > /dev/null\nif [ $? != 0 ] ; then\n    # print error to STDERR\n    echo \"error: The sandbox is not in sync with the Podfile.lock. Run 'pod install' or update your CocoaPods installation.\" >&2\n    exit 1\nfi\n# This output is used by Xcode 'outputs' to avoid re-running this script phase.\necho \"SUCCESS\" > \"${SCRIPT_OUTPUT_FILE_0}\"\n";
			showEnvVarsInLog = 0;
		};
		F19163151869166859EDE38F /* [CP] Embed Pods Frameworks */ = {
			isa = PBXShellScriptBuildPhase;
			buildActionMask = 2147483647;
			files = (
			);
			inputFileListPaths = (
				"${PODS_ROOT}/Target Support Files/Pods-NoteSalihMVVM/Pods-NoteSalihMVVM-frameworks-${CONFIGURATION}-input-files.xcfilelist",
			);
			name = "[CP] Embed Pods Frameworks";
			outputFileListPaths = (
				"${PODS_ROOT}/Target Support Files/Pods-NoteSalihMVVM/Pods-NoteSalihMVVM-frameworks-${CONFIGURATION}-output-files.xcfilelist",
			);
			runOnlyForDeploymentPostprocessing = 0;
			shellPath = /bin/sh;
			shellScript = "\"${PODS_ROOT}/Target Support Files/Pods-NoteSalihMVVM/Pods-NoteSalihMVVM-frameworks.sh\"\n";
			showEnvVarsInLog = 0;
		};
/* End PBXShellScriptBuildPhase section */

/* Begin PBXSourcesBuildPhase section */
		67FE22B627B4FD360078E2C2 /* Sources */ = {
			isa = PBXSourcesBuildPhase;
			buildActionMask = 2147483647;
			files = (
				67FE242027B53E000078E2C2 /* LoginViewController.swift in Sources */,
				6750EC8127BFB980002B84E0 /* RegisterViewController.swift in Sources */,
				67FE23FA27B532A30078E2C2 /* ModalTransition.swift in Sources */,
				67061B2227C79A8D00810191 /* NoteDetailsRouter.swift in Sources */,
				6738489227BA5F060094F2C7 /* ApiRequestInterceptor.swift in Sources */,
				67061ABD27C61DAE00810191 /* PopToRootRoute.swift in Sources */,
				67E43EDD27CF998400196BE9 /* ListType.swift in Sources */,
				67FE240727B5353F0078E2C2 /* BaseRouter.swift in Sources */,
				677FE10227D09CAD0069763E /* ProfileViewController.swift in Sources */,
				677FE10127D09CAD0069763E /* ProfileRouter.swift in Sources */,
				67FE242327B53E200078E2C2 /* LoginRoute.swift in Sources */,
				6709081427C5603B00700C60 /* ResetConfirmationViewModel.swift in Sources */,
				677FE12027D0EFF20069763E /* ChangePasswordViewController.swift in Sources */,
				67061B0127C6720B00810191 /* NoteListViewController.swift in Sources */,
				6750EC8027BFB980002B84E0 /* RegisterRouter.swift in Sources */,
				6738489027BA5EE80094F2C7 /* ApiLogger.swift in Sources */,
				677FE12327D0EFFE0069763E /* ChangePasswordRoute.swift in Sources */,
				6738489427BA5F1C0094F2C7 /* DataProvider.swift in Sources */,
				67061B2327C79A8D00810191 /* NoteDetailsViewController.swift in Sources */,
				67FE23F927B532A30078E2C2 /* Transition.swift in Sources */,
				677FE10527D09CC40069763E /* ProfileRoute.swift in Sources */,
				677FE11F27D0EFF20069763E /* ChangePasswordRouter.swift in Sources */,
				6750EC8427BFB9A7002B84E0 /* RegisterRoute.swift in Sources */,
				67FE23F027B52FDE0078E2C2 /* Router.swift in Sources */,
				673848C827BCFB2F0094F2C7 /* MainNavigationController.swift in Sources */,
				6709080027C4F24900700C60 /* Validation.swift in Sources */,
				67FE23EE27B52F880078E2C2 /* Animator.swift in Sources */,
				6750EC7B27BE9947002B84E0 /* AppDelegate+IQKeyboardManager.swift in Sources */,
				67E43EB227CF41FD00196BE9 /* ShowType.swift in Sources */,
				67FE240827B5353F0078E2C2 /* BaseViewController.swift in Sources */,
				677FE12127D0EFF20069763E /* ChangePasswordViewModel.swift in Sources */,
				67FE242127B53E000078E2C2 /* LoginViewModel.swift in Sources */,
				6709080927C5343E00700C60 /* ForgotPasswordRoute.swift in Sources */,
				67061B2627C79AA200810191 /* NoteDetailsRoute.swift in Sources */,
				6709081327C5603B00700C60 /* ResetConfirmationViewController.swift in Sources */,
				677FE10327D09CAD0069763E /* ProfileViewModel.swift in Sources */,
				67FE240627B5353F0078E2C2 /* BaseViewModel.swift in Sources */,
				67FE241927B53DC60078E2C2 /* AppRouter.swift in Sources */,
				6709081627C5606B00700C60 /* ResetConfirmationRoute.swift in Sources */,
				67FE241027B53B9F0078E2C2 /* PlaceOnWindowTransition.swift in Sources */,
				67061B2427C79A8D00810191 /* NoteDetailsViewModel.swift in Sources */,
				67E43EAC27CCE78000196BE9 /* NoteTableViewCellModel+Extension.swift in Sources */,
				67FE23F827B532A30078E2C2 /* PushTransition.swift in Sources */,
				6709081227C5603B00700C60 /* ResetConfirmationRouter.swift in Sources */,
				67FE241F27B53E000078E2C2 /* LoginRouter.swift in Sources */,
				6709080627C533FE00700C60 /* ForgotPasswordViewController.swift in Sources */,
				67061B0427C6722B00810191 /* NoteListRoute.swift in Sources */,
				6709080727C533FE00700C60 /* ForgotPasswordViewModel.swift in Sources */,
				67061B0027C6720B00810191 /* NoteListRouter.swift in Sources */,
				67061B0227C6720B00810191 /* NoteListViewModel.swift in Sources */,
				67FE22BE27B4FD360078E2C2 /* AppDelegate.swift in Sources */,
				6709080527C533FE00700C60 /* ForgotPasswordRouter.swift in Sources */,
				6750EC8227BFB980002B84E0 /* RegisterViewModel.swift in Sources */,
			);
			runOnlyForDeploymentPostprocessing = 0;
		};
		67FE22CC27B4FD370078E2C2 /* Sources */ = {
			isa = PBXSourcesBuildPhase;
			buildActionMask = 2147483647;
			files = (
				67FE22D527B4FD370078E2C2 /* NoteSalihMVVMTests.swift in Sources */,
			);
			runOnlyForDeploymentPostprocessing = 0;
		};
		67FE22D627B4FD370078E2C2 /* Sources */ = {
			isa = PBXSourcesBuildPhase;
			buildActionMask = 2147483647;
			files = (
				67FE22E127B4FD370078E2C2 /* NoteSalihMVVMUITestsLaunchTests.swift in Sources */,
				67FE22DF27B4FD370078E2C2 /* NoteSalihMVVMUITests.swift in Sources */,
			);
			runOnlyForDeploymentPostprocessing = 0;
		};
/* End PBXSourcesBuildPhase section */

/* Begin PBXTargetDependency section */
		67FE22D227B4FD370078E2C2 /* PBXTargetDependency */ = {
			isa = PBXTargetDependency;
			target = 67FE22B927B4FD360078E2C2 /* NoteSalihMVVM */;
			targetProxy = 67FE22D127B4FD370078E2C2 /* PBXContainerItemProxy */;
		};
		67FE22DC27B4FD370078E2C2 /* PBXTargetDependency */ = {
			isa = PBXTargetDependency;
			target = 67FE22B927B4FD360078E2C2 /* NoteSalihMVVM */;
			targetProxy = 67FE22DB27B4FD370078E2C2 /* PBXContainerItemProxy */;
		};
/* End PBXTargetDependency section */

/* Begin PBXVariantGroup section */
		67FE22C827B4FD370078E2C2 /* LaunchScreen.storyboard */ = {
			isa = PBXVariantGroup;
			children = (
				67FE22C927B4FD370078E2C2 /* Base */,
			);
			name = LaunchScreen.storyboard;
			sourceTree = "<group>";
		};
/* End PBXVariantGroup section */

/* Begin XCBuildConfiguration section */
		67FE22E227B4FD370078E2C2 /* Debug */ = {
			isa = XCBuildConfiguration;
			buildSettings = {
				ALWAYS_SEARCH_USER_PATHS = NO;
				CLANG_ANALYZER_NONNULL = YES;
				CLANG_ANALYZER_NUMBER_OBJECT_CONVERSION = YES_AGGRESSIVE;
				CLANG_CXX_LANGUAGE_STANDARD = "gnu++17";
				CLANG_CXX_LIBRARY = "libc++";
				CLANG_ENABLE_MODULES = YES;
				CLANG_ENABLE_OBJC_ARC = YES;
				CLANG_ENABLE_OBJC_WEAK = YES;
				CLANG_WARN_BLOCK_CAPTURE_AUTORELEASING = YES;
				CLANG_WARN_BOOL_CONVERSION = YES;
				CLANG_WARN_COMMA = YES;
				CLANG_WARN_CONSTANT_CONVERSION = YES;
				CLANG_WARN_DEPRECATED_OBJC_IMPLEMENTATIONS = YES;
				CLANG_WARN_DIRECT_OBJC_ISA_USAGE = YES_ERROR;
				CLANG_WARN_DOCUMENTATION_COMMENTS = YES;
				CLANG_WARN_EMPTY_BODY = YES;
				CLANG_WARN_ENUM_CONVERSION = YES;
				CLANG_WARN_INFINITE_RECURSION = YES;
				CLANG_WARN_INT_CONVERSION = YES;
				CLANG_WARN_NON_LITERAL_NULL_CONVERSION = YES;
				CLANG_WARN_OBJC_IMPLICIT_RETAIN_SELF = YES;
				CLANG_WARN_OBJC_LITERAL_CONVERSION = YES;
				CLANG_WARN_OBJC_ROOT_CLASS = YES_ERROR;
				CLANG_WARN_QUOTED_INCLUDE_IN_FRAMEWORK_HEADER = YES;
				CLANG_WARN_RANGE_LOOP_ANALYSIS = YES;
				CLANG_WARN_STRICT_PROTOTYPES = YES;
				CLANG_WARN_SUSPICIOUS_MOVE = YES;
				CLANG_WARN_UNGUARDED_AVAILABILITY = YES_AGGRESSIVE;
				CLANG_WARN_UNREACHABLE_CODE = YES;
				CLANG_WARN__DUPLICATE_METHOD_MATCH = YES;
				COPY_PHASE_STRIP = NO;
				DEBUG_INFORMATION_FORMAT = dwarf;
				ENABLE_STRICT_OBJC_MSGSEND = YES;
				ENABLE_TESTABILITY = YES;
				GCC_C_LANGUAGE_STANDARD = gnu11;
				GCC_DYNAMIC_NO_PIC = NO;
				GCC_NO_COMMON_BLOCKS = YES;
				GCC_OPTIMIZATION_LEVEL = 0;
				GCC_PREPROCESSOR_DEFINITIONS = (
					"DEBUG=1",
					"$(inherited)",
				);
				GCC_WARN_64_TO_32_BIT_CONVERSION = YES;
				GCC_WARN_ABOUT_RETURN_TYPE = YES_ERROR;
				GCC_WARN_UNDECLARED_SELECTOR = YES;
				GCC_WARN_UNINITIALIZED_AUTOS = YES_AGGRESSIVE;
				GCC_WARN_UNUSED_FUNCTION = YES;
				GCC_WARN_UNUSED_VARIABLE = YES;
				IPHONEOS_DEPLOYMENT_TARGET = 11.0;
				MTL_ENABLE_DEBUG_INFO = INCLUDE_SOURCE;
				MTL_FAST_MATH = YES;
				ONLY_ACTIVE_ARCH = YES;
				SDKROOT = iphoneos;
				SWIFT_ACTIVE_COMPILATION_CONDITIONS = DEBUG;
				SWIFT_OPTIMIZATION_LEVEL = "-Onone";
			};
			name = Debug;
		};
		67FE22E327B4FD370078E2C2 /* Release */ = {
			isa = XCBuildConfiguration;
			buildSettings = {
				ALWAYS_SEARCH_USER_PATHS = NO;
				CLANG_ANALYZER_NONNULL = YES;
				CLANG_ANALYZER_NUMBER_OBJECT_CONVERSION = YES_AGGRESSIVE;
				CLANG_CXX_LANGUAGE_STANDARD = "gnu++17";
				CLANG_CXX_LIBRARY = "libc++";
				CLANG_ENABLE_MODULES = YES;
				CLANG_ENABLE_OBJC_ARC = YES;
				CLANG_ENABLE_OBJC_WEAK = YES;
				CLANG_WARN_BLOCK_CAPTURE_AUTORELEASING = YES;
				CLANG_WARN_BOOL_CONVERSION = YES;
				CLANG_WARN_COMMA = YES;
				CLANG_WARN_CONSTANT_CONVERSION = YES;
				CLANG_WARN_DEPRECATED_OBJC_IMPLEMENTATIONS = YES;
				CLANG_WARN_DIRECT_OBJC_ISA_USAGE = YES_ERROR;
				CLANG_WARN_DOCUMENTATION_COMMENTS = YES;
				CLANG_WARN_EMPTY_BODY = YES;
				CLANG_WARN_ENUM_CONVERSION = YES;
				CLANG_WARN_INFINITE_RECURSION = YES;
				CLANG_WARN_INT_CONVERSION = YES;
				CLANG_WARN_NON_LITERAL_NULL_CONVERSION = YES;
				CLANG_WARN_OBJC_IMPLICIT_RETAIN_SELF = YES;
				CLANG_WARN_OBJC_LITERAL_CONVERSION = YES;
				CLANG_WARN_OBJC_ROOT_CLASS = YES_ERROR;
				CLANG_WARN_QUOTED_INCLUDE_IN_FRAMEWORK_HEADER = YES;
				CLANG_WARN_RANGE_LOOP_ANALYSIS = YES;
				CLANG_WARN_STRICT_PROTOTYPES = YES;
				CLANG_WARN_SUSPICIOUS_MOVE = YES;
				CLANG_WARN_UNGUARDED_AVAILABILITY = YES_AGGRESSIVE;
				CLANG_WARN_UNREACHABLE_CODE = YES;
				CLANG_WARN__DUPLICATE_METHOD_MATCH = YES;
				COPY_PHASE_STRIP = NO;
				DEBUG_INFORMATION_FORMAT = "dwarf-with-dsym";
				ENABLE_NS_ASSERTIONS = NO;
				ENABLE_STRICT_OBJC_MSGSEND = YES;
				GCC_C_LANGUAGE_STANDARD = gnu11;
				GCC_NO_COMMON_BLOCKS = YES;
				GCC_WARN_64_TO_32_BIT_CONVERSION = YES;
				GCC_WARN_ABOUT_RETURN_TYPE = YES_ERROR;
				GCC_WARN_UNDECLARED_SELECTOR = YES;
				GCC_WARN_UNINITIALIZED_AUTOS = YES_AGGRESSIVE;
				GCC_WARN_UNUSED_FUNCTION = YES;
				GCC_WARN_UNUSED_VARIABLE = YES;
				IPHONEOS_DEPLOYMENT_TARGET = 11.0;
				MTL_ENABLE_DEBUG_INFO = NO;
				MTL_FAST_MATH = YES;
				SDKROOT = iphoneos;
				SWIFT_COMPILATION_MODE = wholemodule;
				SWIFT_OPTIMIZATION_LEVEL = "-O";
				VALIDATE_PRODUCT = YES;
			};
			name = Release;
		};
		67FE22E527B4FD370078E2C2 /* Debug */ = {
			isa = XCBuildConfiguration;
			baseConfigurationReference = B8A02CBEF44F7BDCCDAE7C33 /* Pods-NoteSalihMVVM.debug.xcconfig */;
			buildSettings = {
				ASSETCATALOG_COMPILER_APPICON_NAME = AppIcon;
				ASSETCATALOG_COMPILER_GLOBAL_ACCENT_COLOR_NAME = AccentColor;
				CLANG_ENABLE_MODULES = YES;
				CODE_SIGN_STYLE = Automatic;
				CURRENT_PROJECT_VERSION = 1;
				DEVELOPMENT_TEAM = BNK334U5U9;
				"EXCLUDED_ARCHS[sdk=iphonesimulator*]" = arm64;
				GENERATE_INFOPLIST_FILE = YES;
				INFOPLIST_FILE = NoteSalihMVVM/Configurations/Release/Info.plist;
				INFOPLIST_KEY_UIApplicationSupportsIndirectInputEvents = YES;
				INFOPLIST_KEY_UILaunchStoryboardName = LaunchScreen;
				INFOPLIST_KEY_UIMainStoryboardFile = "";
				INFOPLIST_KEY_UISupportedInterfaceOrientations_iPad = "UIInterfaceOrientationPortrait UIInterfaceOrientationPortraitUpsideDown UIInterfaceOrientationLandscapeLeft UIInterfaceOrientationLandscapeRight";
				INFOPLIST_KEY_UISupportedInterfaceOrientations_iPhone = "UIInterfaceOrientationPortrait UIInterfaceOrientationLandscapeLeft UIInterfaceOrientationLandscapeRight";
				LD_RUNPATH_SEARCH_PATHS = (
					"$(inherited)",
					"@executable_path/Frameworks",
				);
				MARKETING_VERSION = 1.0;
				ONLY_ACTIVE_ARCH = YES;
				PRODUCT_BUNDLE_IDENTIFIER = com.mehmetsalihcelik.NoteSalihMVVM;
				PRODUCT_NAME = "$(TARGET_NAME)";
				SWIFT_EMIT_LOC_STRINGS = YES;
				SWIFT_OBJC_BRIDGING_HEADER = "NoteSalihMVVM/Configurations/BridgingHeader/NoteSalihMVVM-Bridging-Header.h";
				SWIFT_OPTIMIZATION_LEVEL = "-Onone";
				SWIFT_VERSION = 5.0;
				TARGETED_DEVICE_FAMILY = "1,2";
			};
			name = Debug;
		};
		67FE22E627B4FD370078E2C2 /* Release */ = {
			isa = XCBuildConfiguration;
			baseConfigurationReference = 6E78A5350026118ADDFEAC28 /* Pods-NoteSalihMVVM.release.xcconfig */;
			buildSettings = {
				ASSETCATALOG_COMPILER_APPICON_NAME = AppIcon;
				ASSETCATALOG_COMPILER_GLOBAL_ACCENT_COLOR_NAME = AccentColor;
				CLANG_ENABLE_MODULES = YES;
				CODE_SIGN_STYLE = Automatic;
				CURRENT_PROJECT_VERSION = 1;
				DEVELOPMENT_TEAM = BNK334U5U9;
				"EXCLUDED_ARCHS[sdk=iphonesimulator*]" = arm64;
				GENERATE_INFOPLIST_FILE = YES;
				INFOPLIST_FILE = NoteSalihMVVM/Configurations/Release/Info.plist;
				INFOPLIST_KEY_UIApplicationSupportsIndirectInputEvents = YES;
				INFOPLIST_KEY_UILaunchStoryboardName = LaunchScreen;
				INFOPLIST_KEY_UIMainStoryboardFile = "";
				INFOPLIST_KEY_UISupportedInterfaceOrientations_iPad = "UIInterfaceOrientationPortrait UIInterfaceOrientationPortraitUpsideDown UIInterfaceOrientationLandscapeLeft UIInterfaceOrientationLandscapeRight";
				INFOPLIST_KEY_UISupportedInterfaceOrientations_iPhone = "UIInterfaceOrientationPortrait UIInterfaceOrientationLandscapeLeft UIInterfaceOrientationLandscapeRight";
				LD_RUNPATH_SEARCH_PATHS = (
					"$(inherited)",
					"@executable_path/Frameworks",
				);
				MARKETING_VERSION = 1.0;
				ONLY_ACTIVE_ARCH = YES;
				PRODUCT_BUNDLE_IDENTIFIER = com.mehmetsalihcelik.NoteSalihMVVM;
				PRODUCT_NAME = "$(TARGET_NAME)";
				SWIFT_EMIT_LOC_STRINGS = YES;
				SWIFT_OBJC_BRIDGING_HEADER = "NoteSalihMVVM/Configurations/BridgingHeader/NoteSalihMVVM-Bridging-Header.h";
				SWIFT_VERSION = 5.0;
				TARGETED_DEVICE_FAMILY = "1,2";
			};
			name = Release;
		};
		67FE22E827B4FD370078E2C2 /* Debug */ = {
			isa = XCBuildConfiguration;
			baseConfigurationReference = C8771307FEB325D75A2BBC9E /* Pods-NoteSalihMVVMTests.debug.xcconfig */;
			buildSettings = {
				ALWAYS_EMBED_SWIFT_STANDARD_LIBRARIES = YES;
				BUNDLE_LOADER = "$(TEST_HOST)";
				CODE_SIGN_STYLE = Automatic;
				CURRENT_PROJECT_VERSION = 1;
				DEVELOPMENT_TEAM = BNK334U5U9;
				"EXCLUDED_ARCHS[sdk=iphonesimulator*]" = arm64;
				GENERATE_INFOPLIST_FILE = YES;
				IPHONEOS_DEPLOYMENT_TARGET = 15.2;
				MARKETING_VERSION = 1.0;
				ONLY_ACTIVE_ARCH = YES;
				PRODUCT_BUNDLE_IDENTIFIER = com.mehmetsalihcelik.NoteSalihMVVMTests;
				PRODUCT_NAME = "$(TARGET_NAME)";
				SWIFT_EMIT_LOC_STRINGS = NO;
				SWIFT_VERSION = 5.0;
				TARGETED_DEVICE_FAMILY = "1,2";
				TEST_HOST = "$(BUILT_PRODUCTS_DIR)/NoteSalihMVVM.app/NoteSalihMVVM";
			};
			name = Debug;
		};
		67FE22E927B4FD370078E2C2 /* Release */ = {
			isa = XCBuildConfiguration;
			baseConfigurationReference = 8F320E93418F72FCBEE9E50A /* Pods-NoteSalihMVVMTests.release.xcconfig */;
			buildSettings = {
				ALWAYS_EMBED_SWIFT_STANDARD_LIBRARIES = YES;
				BUNDLE_LOADER = "$(TEST_HOST)";
				CODE_SIGN_STYLE = Automatic;
				CURRENT_PROJECT_VERSION = 1;
				DEVELOPMENT_TEAM = BNK334U5U9;
				"EXCLUDED_ARCHS[sdk=iphonesimulator*]" = arm64;
				GENERATE_INFOPLIST_FILE = YES;
				IPHONEOS_DEPLOYMENT_TARGET = 15.2;
				MARKETING_VERSION = 1.0;
				ONLY_ACTIVE_ARCH = YES;
				PRODUCT_BUNDLE_IDENTIFIER = com.mehmetsalihcelik.NoteSalihMVVMTests;
				PRODUCT_NAME = "$(TARGET_NAME)";
				SWIFT_EMIT_LOC_STRINGS = NO;
				SWIFT_VERSION = 5.0;
				TARGETED_DEVICE_FAMILY = "1,2";
				TEST_HOST = "$(BUILT_PRODUCTS_DIR)/NoteSalihMVVM.app/NoteSalihMVVM";
			};
			name = Release;
		};
		67FE22EB27B4FD370078E2C2 /* Debug */ = {
			isa = XCBuildConfiguration;
			baseConfigurationReference = 37E38BD0E3BDFE12537DACD5 /* Pods-NoteSalihMVVM-NoteSalihMVVMUITests.debug.xcconfig */;
			buildSettings = {
				ALWAYS_EMBED_SWIFT_STANDARD_LIBRARIES = YES;
				CODE_SIGN_STYLE = Automatic;
				CURRENT_PROJECT_VERSION = 1;
				DEVELOPMENT_TEAM = BNK334U5U9;
				EXCLUDED_ARCHS = "";
				"EXCLUDED_ARCHS[sdk=iphonesimulator*]" = arm64;
				GENERATE_INFOPLIST_FILE = YES;
				MARKETING_VERSION = 1.0;
				ONLY_ACTIVE_ARCH = YES;
				PRODUCT_BUNDLE_IDENTIFIER = com.mehmetsalihcelik.NoteSalihMVVMUITests;
				PRODUCT_NAME = "$(TARGET_NAME)";
				SWIFT_EMIT_LOC_STRINGS = NO;
				SWIFT_VERSION = 5.0;
				TARGETED_DEVICE_FAMILY = "1,2";
				TEST_TARGET_NAME = NoteSalihMVVM;
			};
			name = Debug;
		};
		67FE22EC27B4FD370078E2C2 /* Release */ = {
			isa = XCBuildConfiguration;
			baseConfigurationReference = 8BB9377AAB1574DA8F8139FA /* Pods-NoteSalihMVVM-NoteSalihMVVMUITests.release.xcconfig */;
			buildSettings = {
				ALWAYS_EMBED_SWIFT_STANDARD_LIBRARIES = YES;
				CODE_SIGN_STYLE = Automatic;
				CURRENT_PROJECT_VERSION = 1;
				DEVELOPMENT_TEAM = BNK334U5U9;
				EXCLUDED_ARCHS = "";
				"EXCLUDED_ARCHS[sdk=iphonesimulator*]" = arm64;
				GENERATE_INFOPLIST_FILE = YES;
				MARKETING_VERSION = 1.0;
				ONLY_ACTIVE_ARCH = YES;
				PRODUCT_BUNDLE_IDENTIFIER = com.mehmetsalihcelik.NoteSalihMVVMUITests;
				PRODUCT_NAME = "$(TARGET_NAME)";
				SWIFT_EMIT_LOC_STRINGS = NO;
				SWIFT_VERSION = 5.0;
				TARGETED_DEVICE_FAMILY = "1,2";
				TEST_TARGET_NAME = NoteSalihMVVM;
			};
			name = Release;
		};
/* End XCBuildConfiguration section */

/* Begin XCConfigurationList section */
		67FE22B527B4FD360078E2C2 /* Build configuration list for PBXProject "NoteSalihMVVM" */ = {
			isa = XCConfigurationList;
			buildConfigurations = (
				67FE22E227B4FD370078E2C2 /* Debug */,
				67FE22E327B4FD370078E2C2 /* Release */,
			);
			defaultConfigurationIsVisible = 0;
			defaultConfigurationName = Release;
		};
		67FE22E427B4FD370078E2C2 /* Build configuration list for PBXNativeTarget "NoteSalihMVVM" */ = {
			isa = XCConfigurationList;
			buildConfigurations = (
				67FE22E527B4FD370078E2C2 /* Debug */,
				67FE22E627B4FD370078E2C2 /* Release */,
			);
			defaultConfigurationIsVisible = 0;
			defaultConfigurationName = Release;
		};
		67FE22E727B4FD370078E2C2 /* Build configuration list for PBXNativeTarget "NoteSalihMVVMTests" */ = {
			isa = XCConfigurationList;
			buildConfigurations = (
				67FE22E827B4FD370078E2C2 /* Debug */,
				67FE22E927B4FD370078E2C2 /* Release */,
			);
			defaultConfigurationIsVisible = 0;
			defaultConfigurationName = Release;
		};
		67FE22EA27B4FD370078E2C2 /* Build configuration list for PBXNativeTarget "NoteSalihMVVMUITests" */ = {
			isa = XCConfigurationList;
			buildConfigurations = (
				67FE22EB27B4FD370078E2C2 /* Debug */,
				67FE22EC27B4FD370078E2C2 /* Release */,
			);
			defaultConfigurationIsVisible = 0;
			defaultConfigurationName = Release;
		};
/* End XCConfigurationList section */
	};
	rootObject = 67FE22B227B4FD360078E2C2 /* Project object */;
}
