// !$*UTF8*$!
{
	archiveVersion = 1;
	classes = {
	};
	objectVersion = 55;
	objects = {

/* Begin PBXBuildFile section */
		596DC1E2B7BCF2028C05F247 /* Pods_UIComponents.framework in Frameworks */ = {isa = PBXBuildFile; fileRef = 3FAC70F0454C3FBA8332758C /* Pods_UIComponents.framework */; };
		6738489D27BA8B030094F2C7 /* AuthHeaderView.swift in Sources */ = {isa = PBXBuildFile; fileRef = 6738489C27BA8B030094F2C7 /* AuthHeaderView.swift */; };
		673848A027BAE5460094F2C7 /* AuthTextField.swift in Sources */ = {isa = PBXBuildFile; fileRef = 6738489F27BAE5460094F2C7 /* AuthTextField.swift */; };
		673848A327BB39270094F2C7 /* AuthButton.swift in Sources */ = {isa = PBXBuildFile; fileRef = 673848A227BB39270094F2C7 /* AuthButton.swift */; };
		673848A627BB7B5C0094F2C7 /* AuthFooterView.swift in Sources */ = {isa = PBXBuildFile; fileRef = 673848A527BB7B5C0094F2C7 /* AuthFooterView.swift */; };
		673848AD27BBD45F0094F2C7 /* ActivityIndicatorProtocol.swift in Sources */ = {isa = PBXBuildFile; fileRef = 673848A827BBD45F0094F2C7 /* ActivityIndicatorProtocol.swift */; };
		673848AE27BBD45F0094F2C7 /* LoadingProtocol.swift in Sources */ = {isa = PBXBuildFile; fileRef = 673848A927BBD45F0094F2C7 /* LoadingProtocol.swift */; };
		673848AF27BBD45F0094F2C7 /* BlockingActivityIndicator.swift in Sources */ = {isa = PBXBuildFile; fileRef = 673848AA27BBD45F0094F2C7 /* BlockingActivityIndicator.swift */; };
		673848B827BBD6DB0094F2C7 /* ActivityIndicatorView.swift in Sources */ = {isa = PBXBuildFile; fileRef = 673848B727BBD6DB0094F2C7 /* ActivityIndicatorView.swift */; };
		673848C527BBEDF80094F2C7 /* ToastPresenter.swift in Sources */ = {isa = PBXBuildFile; fileRef = 673848C327BBEDF80094F2C7 /* ToastPresenter.swift */; };
		673848C627BBEDF80094F2C7 /* ToastWarningView.swift in Sources */ = {isa = PBXBuildFile; fileRef = 673848C427BBEDF80094F2C7 /* ToastWarningView.swift */; };
		67F7A8AC27B64D790041DC3A /* swiftgen.yml in Resources */ = {isa = PBXBuildFile; fileRef = 67F7A8AB27B64D790041DC3A /* swiftgen.yml */; };
		67F7A8C627B64DD80041DC3A /* StringConstants.swift in Sources */ = {isa = PBXBuildFile; fileRef = 67F7A8B227B64DD80041DC3A /* StringConstants.swift */; };
		67F7A8C927B64DD80041DC3A /* UIFont+Extensions.swift in Sources */ = {isa = PBXBuildFile; fileRef = 67F7A8B627B64DD80041DC3A /* UIFont+Extensions.swift */; };
		67F7A8CD27B64DD80041DC3A /* Fonts.swift in Sources */ = {isa = PBXBuildFile; fileRef = 67F7A8BA27B64DD80041DC3A /* Fonts.swift */; };
		67F7A8CE27B64DD80041DC3A /* Assets.swift in Sources */ = {isa = PBXBuildFile; fileRef = 67F7A8BC27B64DD80041DC3A /* Assets.swift */; };
		67F7A8CF27B64DD80041DC3A /* UIImage+Icons.swift in Sources */ = {isa = PBXBuildFile; fileRef = 67F7A8BD27B64DD80041DC3A /* UIImage+Icons.swift */; };
		67F7A8D127B64DD80041DC3A /* UIImage+Images.swift in Sources */ = {isa = PBXBuildFile; fileRef = 67F7A8BF27B64DD80041DC3A /* UIImage+Images.swift */; };
		67F7A8D227B64DD80041DC3A /* Icons.xcassets in Resources */ = {isa = PBXBuildFile; fileRef = 67F7A8C027B64DD80041DC3A /* Icons.xcassets */; };
		67F7A8D327B64DD80041DC3A /* UIColor+Colors.swift in Sources */ = {isa = PBXBuildFile; fileRef = 67F7A8C127B64DD80041DC3A /* UIColor+Colors.swift */; };
		67F7A8D427B64DD80041DC3A /* Images.xcassets in Resources */ = {isa = PBXBuildFile; fileRef = 67F7A8C227B64DD80041DC3A /* Images.xcassets */; };
		67F7A8D627B64E9D0041DC3A /* Colors.xcassets in Resources */ = {isa = PBXBuildFile; fileRef = 67F7A8D527B64E9D0041DC3A /* Colors.xcassets */; };
		67F7A8D927B650FF0041DC3A /* Localizable.strings in Resources */ = {isa = PBXBuildFile; fileRef = 67F7A8D827B650FF0041DC3A /* Localizable.strings */; };
		67F7A8F227B6A4740041DC3A /* JosefinSans-Bold.ttf in Resources */ = {isa = PBXBuildFile; fileRef = 67F7A8EF27B6A4740041DC3A /* JosefinSans-Bold.ttf */; };
		67F7A8F327B6A4740041DC3A /* JosefinSans-Regular.ttf in Resources */ = {isa = PBXBuildFile; fileRef = 67F7A8F027B6A4740041DC3A /* JosefinSans-Regular.ttf */; };
		67F7A8F427B6A4740041DC3A /* JosefinSans-SemiBold.ttf in Resources */ = {isa = PBXBuildFile; fileRef = 67F7A8F127B6A4740041DC3A /* JosefinSans-SemiBold.ttf */; };
		67FE232127B500F20078E2C2 /* UIComponents.docc in Sources */ = {isa = PBXBuildFile; fileRef = 67FE232027B500F20078E2C2 /* UIComponents.docc */; };
		67FE232727B500F20078E2C2 /* UIComponents.framework in Frameworks */ = {isa = PBXBuildFile; fileRef = 67FE231C27B500F20078E2C2 /* UIComponents.framework */; };
		67FE232C27B500F20078E2C2 /* UIComponentsTests.swift in Sources */ = {isa = PBXBuildFile; fileRef = 67FE232B27B500F20078E2C2 /* UIComponentsTests.swift */; };
		67FE232D27B500F20078E2C2 /* UIComponents.h in Headers */ = {isa = PBXBuildFile; fileRef = 67FE231F27B500F20078E2C2 /* UIComponents.h */; settings = {ATTRIBUTES = (Public, ); }; };
		896BDEDBE594722C5F663934 /* Pods_UIComponentsTests.framework in Frameworks */ = {isa = PBXBuildFile; fileRef = B7A8AB05924B7656DFA98B9F /* Pods_UIComponentsTests.framework */; };
/* End PBXBuildFile section */

/* Begin PBXContainerItemProxy section */
		67FE232827B500F20078E2C2 /* PBXContainerItemProxy */ = {
			isa = PBXContainerItemProxy;
			containerPortal = 67FE231327B500F20078E2C2 /* Project object */;
			proxyType = 1;
			remoteGlobalIDString = 67FE231B27B500F20078E2C2;
			remoteInfo = UIComponents;
		};
/* End PBXContainerItemProxy section */

/* Begin PBXFileReference section */
		3856A414D9BBCCD5DFC8D580 /* Pods-UIComponentsTests.debug.xcconfig */ = {isa = PBXFileReference; includeInIndex = 1; lastKnownFileType = text.xcconfig; name = "Pods-UIComponentsTests.debug.xcconfig"; path = "Target Support Files/Pods-UIComponentsTests/Pods-UIComponentsTests.debug.xcconfig"; sourceTree = "<group>"; };
		3FAC70F0454C3FBA8332758C /* Pods_UIComponents.framework */ = {isa = PBXFileReference; explicitFileType = wrapper.framework; includeInIndex = 0; path = Pods_UIComponents.framework; sourceTree = BUILT_PRODUCTS_DIR; };
		417C72530A4D193B1636CD6A /* Pods-UIComponents.release.xcconfig */ = {isa = PBXFileReference; includeInIndex = 1; lastKnownFileType = text.xcconfig; name = "Pods-UIComponents.release.xcconfig"; path = "Target Support Files/Pods-UIComponents/Pods-UIComponents.release.xcconfig"; sourceTree = "<group>"; };
		6738489C27BA8B030094F2C7 /* AuthHeaderView.swift */ = {isa = PBXFileReference; lastKnownFileType = sourcecode.swift; path = AuthHeaderView.swift; sourceTree = "<group>"; };
		6738489F27BAE5460094F2C7 /* AuthTextField.swift */ = {isa = PBXFileReference; lastKnownFileType = sourcecode.swift; path = AuthTextField.swift; sourceTree = "<group>"; };
		673848A227BB39270094F2C7 /* AuthButton.swift */ = {isa = PBXFileReference; lastKnownFileType = sourcecode.swift; path = AuthButton.swift; sourceTree = "<group>"; };
		673848A527BB7B5C0094F2C7 /* AuthFooterView.swift */ = {isa = PBXFileReference; lastKnownFileType = sourcecode.swift; path = AuthFooterView.swift; sourceTree = "<group>"; };
		673848A827BBD45F0094F2C7 /* ActivityIndicatorProtocol.swift */ = {isa = PBXFileReference; fileEncoding = 4; lastKnownFileType = sourcecode.swift; path = ActivityIndicatorProtocol.swift; sourceTree = "<group>"; };
		673848A927BBD45F0094F2C7 /* LoadingProtocol.swift */ = {isa = PBXFileReference; fileEncoding = 4; lastKnownFileType = sourcecode.swift; path = LoadingProtocol.swift; sourceTree = "<group>"; };
		673848AA27BBD45F0094F2C7 /* BlockingActivityIndicator.swift */ = {isa = PBXFileReference; fileEncoding = 4; lastKnownFileType = sourcecode.swift; path = BlockingActivityIndicator.swift; sourceTree = "<group>"; };
		673848B727BBD6DB0094F2C7 /* ActivityIndicatorView.swift */ = {isa = PBXFileReference; fileEncoding = 4; lastKnownFileType = sourcecode.swift; path = ActivityIndicatorView.swift; sourceTree = "<group>"; };
		673848C327BBEDF80094F2C7 /* ToastPresenter.swift */ = {isa = PBXFileReference; fileEncoding = 4; lastKnownFileType = sourcecode.swift; path = ToastPresenter.swift; sourceTree = "<group>"; };
		673848C427BBEDF80094F2C7 /* ToastWarningView.swift */ = {isa = PBXFileReference; fileEncoding = 4; lastKnownFileType = sourcecode.swift; path = ToastWarningView.swift; sourceTree = "<group>"; };
		67F7A8AB27B64D790041DC3A /* swiftgen.yml */ = {isa = PBXFileReference; fileEncoding = 4; lastKnownFileType = text.yaml; path = swiftgen.yml; sourceTree = "<group>"; };
		67F7A8B227B64DD80041DC3A /* StringConstants.swift */ = {isa = PBXFileReference; fileEncoding = 4; lastKnownFileType = sourcecode.swift; path = StringConstants.swift; sourceTree = "<group>"; };
		67F7A8B627B64DD80041DC3A /* UIFont+Extensions.swift */ = {isa = PBXFileReference; fileEncoding = 4; lastKnownFileType = sourcecode.swift; path = "UIFont+Extensions.swift"; sourceTree = "<group>"; };
		67F7A8BA27B64DD80041DC3A /* Fonts.swift */ = {isa = PBXFileReference; fileEncoding = 4; lastKnownFileType = sourcecode.swift; path = Fonts.swift; sourceTree = "<group>"; };
		67F7A8BC27B64DD80041DC3A /* Assets.swift */ = {isa = PBXFileReference; fileEncoding = 4; lastKnownFileType = sourcecode.swift; path = Assets.swift; sourceTree = "<group>"; };
		67F7A8BD27B64DD80041DC3A /* UIImage+Icons.swift */ = {isa = PBXFileReference; fileEncoding = 4; lastKnownFileType = sourcecode.swift; path = "UIImage+Icons.swift"; sourceTree = "<group>"; };
		67F7A8BF27B64DD80041DC3A /* UIImage+Images.swift */ = {isa = PBXFileReference; fileEncoding = 4; lastKnownFileType = sourcecode.swift; path = "UIImage+Images.swift"; sourceTree = "<group>"; };
		67F7A8C027B64DD80041DC3A /* Icons.xcassets */ = {isa = PBXFileReference; lastKnownFileType = folder.assetcatalog; path = Icons.xcassets; sourceTree = "<group>"; };
		67F7A8C127B64DD80041DC3A /* UIColor+Colors.swift */ = {isa = PBXFileReference; fileEncoding = 4; lastKnownFileType = sourcecode.swift; path = "UIColor+Colors.swift"; sourceTree = "<group>"; };
		67F7A8C227B64DD80041DC3A /* Images.xcassets */ = {isa = PBXFileReference; lastKnownFileType = folder.assetcatalog; path = Images.xcassets; sourceTree = "<group>"; };
		67F7A8D527B64E9D0041DC3A /* Colors.xcassets */ = {isa = PBXFileReference; lastKnownFileType = folder.assetcatalog; path = Colors.xcassets; sourceTree = "<group>"; };
		67F7A8D827B650FF0041DC3A /* Localizable.strings */ = {isa = PBXFileReference; lastKnownFileType = text.plist.strings; path = Localizable.strings; sourceTree = "<group>"; };
		67F7A8EF27B6A4740041DC3A /* JosefinSans-Bold.ttf */ = {isa = PBXFileReference; lastKnownFileType = file; path = "JosefinSans-Bold.ttf"; sourceTree = "<group>"; };
		67F7A8F027B6A4740041DC3A /* JosefinSans-Regular.ttf */ = {isa = PBXFileReference; lastKnownFileType = file; path = "JosefinSans-Regular.ttf"; sourceTree = "<group>"; };
		67F7A8F127B6A4740041DC3A /* JosefinSans-SemiBold.ttf */ = {isa = PBXFileReference; lastKnownFileType = file; path = "JosefinSans-SemiBold.ttf"; sourceTree = "<group>"; };
		67FE231C27B500F20078E2C2 /* UIComponents.framework */ = {isa = PBXFileReference; explicitFileType = wrapper.framework; includeInIndex = 0; path = UIComponents.framework; sourceTree = BUILT_PRODUCTS_DIR; };
		67FE231F27B500F20078E2C2 /* UIComponents.h */ = {isa = PBXFileReference; lastKnownFileType = sourcecode.c.h; path = UIComponents.h; sourceTree = "<group>"; };
		67FE232027B500F20078E2C2 /* UIComponents.docc */ = {isa = PBXFileReference; lastKnownFileType = folder.documentationcatalog; path = UIComponents.docc; sourceTree = "<group>"; };
		67FE232627B500F20078E2C2 /* UIComponentsTests.xctest */ = {isa = PBXFileReference; explicitFileType = wrapper.cfbundle; includeInIndex = 0; path = UIComponentsTests.xctest; sourceTree = BUILT_PRODUCTS_DIR; };
		67FE232B27B500F20078E2C2 /* UIComponentsTests.swift */ = {isa = PBXFileReference; lastKnownFileType = sourcecode.swift; path = UIComponentsTests.swift; sourceTree = "<group>"; };
		819A4D125B48F6873832AAD0 /* Pods-UIComponents.debug.xcconfig */ = {isa = PBXFileReference; includeInIndex = 1; lastKnownFileType = text.xcconfig; name = "Pods-UIComponents.debug.xcconfig"; path = "Target Support Files/Pods-UIComponents/Pods-UIComponents.debug.xcconfig"; sourceTree = "<group>"; };
		B7A8AB05924B7656DFA98B9F /* Pods_UIComponentsTests.framework */ = {isa = PBXFileReference; explicitFileType = wrapper.framework; includeInIndex = 0; path = Pods_UIComponentsTests.framework; sourceTree = BUILT_PRODUCTS_DIR; };
		CA14E17F3FD21ECB394A0ACC /* Pods-UIComponentsTests.release.xcconfig */ = {isa = PBXFileReference; includeInIndex = 1; lastKnownFileType = text.xcconfig; name = "Pods-UIComponentsTests.release.xcconfig"; path = "Target Support Files/Pods-UIComponentsTests/Pods-UIComponentsTests.release.xcconfig"; sourceTree = "<group>"; };
/* End PBXFileReference section */

/* Begin PBXFrameworksBuildPhase section */
		67FE231927B500F20078E2C2 /* Frameworks */ = {
			isa = PBXFrameworksBuildPhase;
			buildActionMask = 2147483647;
			files = (
				596DC1E2B7BCF2028C05F247 /* Pods_UIComponents.framework in Frameworks */,
			);
			runOnlyForDeploymentPostprocessing = 0;
		};
		67FE232327B500F20078E2C2 /* Frameworks */ = {
			isa = PBXFrameworksBuildPhase;
			buildActionMask = 2147483647;
			files = (
				67FE232727B500F20078E2C2 /* UIComponents.framework in Frameworks */,
				896BDEDBE594722C5F663934 /* Pods_UIComponentsTests.framework in Frameworks */,
			);
			runOnlyForDeploymentPostprocessing = 0;
		};
/* End PBXFrameworksBuildPhase section */

/* Begin PBXGroup section */
		6738489A27BA8AD90094F2C7 /* UIView */ = {
			isa = PBXGroup;
			children = (
				6738489B27BA8AE10094F2C7 /* AuthHeaderView */,
				673848A427BB7B080094F2C7 /* AuthFooterView */,
			);
			path = UIView;
			sourceTree = "<group>";
		};
		6738489B27BA8AE10094F2C7 /* AuthHeaderView */ = {
			isa = PBXGroup;
			children = (
				6738489C27BA8B030094F2C7 /* AuthHeaderView.swift */,
			);
			path = AuthHeaderView;
			sourceTree = "<group>";
		};
		6738489E27BAA7FC0094F2C7 /* UITextField */ = {
			isa = PBXGroup;
			children = (
				6738489F27BAE5460094F2C7 /* AuthTextField.swift */,
			);
			path = UITextField;
			sourceTree = "<group>";
		};
		673848A127BB38B60094F2C7 /* UIButton */ = {
			isa = PBXGroup;
			children = (
				673848A227BB39270094F2C7 /* AuthButton.swift */,
			);
			path = UIButton;
			sourceTree = "<group>";
		};
		673848A427BB7B080094F2C7 /* AuthFooterView */ = {
			isa = PBXGroup;
			children = (
				673848A527BB7B5C0094F2C7 /* AuthFooterView.swift */,
			);
			path = AuthFooterView;
			sourceTree = "<group>";
		};
		673848A727BBD45F0094F2C7 /* Loading */ = {
			isa = PBXGroup;
			children = (
				673848A827BBD45F0094F2C7 /* ActivityIndicatorProtocol.swift */,
				673848A927BBD45F0094F2C7 /* LoadingProtocol.swift */,
				673848AA27BBD45F0094F2C7 /* BlockingActivityIndicator.swift */,
			);
			path = Loading;
			sourceTree = "<group>";
		};
		673848B627BBD6DB0094F2C7 /* UIActivityIndicatorView */ = {
			isa = PBXGroup;
			children = (
				673848B727BBD6DB0094F2C7 /* ActivityIndicatorView.swift */,
			);
			path = UIActivityIndicatorView;
			sourceTree = "<group>";
		};
		673848C227BBEDF80094F2C7 /* Toast */ = {
			isa = PBXGroup;
			children = (
				673848C327BBEDF80094F2C7 /* ToastPresenter.swift */,
				673848C427BBEDF80094F2C7 /* ToastWarningView.swift */,
			);
			path = Toast;
			sourceTree = "<group>";
		};
		67F7A8AD27B64DD80041DC3A /* Resources */ = {
			isa = PBXGroup;
			children = (
				67F7A8AE27B64DD80041DC3A /* Strings */,
				67F7A8B527B64DD80041DC3A /* Fonts */,
				67F7A8BB27B64DD80041DC3A /* Assets */,
			);
			path = Resources;
			sourceTree = "<group>";
		};
		67F7A8AE27B64DD80041DC3A /* Strings */ = {
			isa = PBXGroup;
			children = (
				67F7A8B227B64DD80041DC3A /* StringConstants.swift */,
				67F7A8D827B650FF0041DC3A /* Localizable.strings */,
			);
			path = Strings;
			sourceTree = "<group>";
		};
		67F7A8B527B64DD80041DC3A /* Fonts */ = {
			isa = PBXGroup;
			children = (
				67F7A8EF27B6A4740041DC3A /* JosefinSans-Bold.ttf */,
				67F7A8F027B6A4740041DC3A /* JosefinSans-Regular.ttf */,
				67F7A8F127B6A4740041DC3A /* JosefinSans-SemiBold.ttf */,
				67F7A8B627B64DD80041DC3A /* UIFont+Extensions.swift */,
				67F7A8BA27B64DD80041DC3A /* Fonts.swift */,
			);
			path = Fonts;
			sourceTree = "<group>";
		};
		67F7A8BB27B64DD80041DC3A /* Assets */ = {
			isa = PBXGroup;
			children = (
				67F7A8BC27B64DD80041DC3A /* Assets.swift */,
				67F7A8BD27B64DD80041DC3A /* UIImage+Icons.swift */,
				67F7A8BF27B64DD80041DC3A /* UIImage+Images.swift */,
				67F7A8C027B64DD80041DC3A /* Icons.xcassets */,
				67F7A8C127B64DD80041DC3A /* UIColor+Colors.swift */,
				67F7A8C227B64DD80041DC3A /* Images.xcassets */,
				67F7A8D527B64E9D0041DC3A /* Colors.xcassets */,
			);
			path = Assets;
			sourceTree = "<group>";
		};
		67FE231227B500F20078E2C2 = {
			isa = PBXGroup;
			children = (
				67F7A8AB27B64D790041DC3A /* swiftgen.yml */,
				67FE231E27B500F20078E2C2 /* UIComponents */,
				67FE232A27B500F20078E2C2 /* UIComponentsTests */,
				67FE231D27B500F20078E2C2 /* Products */,
				F251DBFF4ED42480A00A48DE /* Pods */,
				8FC391B59F7FF7E259A014CD /* Frameworks */,
			);
			sourceTree = "<group>";
		};
		67FE231D27B500F20078E2C2 /* Products */ = {
			isa = PBXGroup;
			children = (
				67FE231C27B500F20078E2C2 /* UIComponents.framework */,
				67FE232627B500F20078E2C2 /* UIComponentsTests.xctest */,
			);
			name = Products;
			sourceTree = "<group>";
		};
		67FE231E27B500F20078E2C2 /* UIComponents */ = {
			isa = PBXGroup;
			children = (
				673848B627BBD6DB0094F2C7 /* UIActivityIndicatorView */,
				673848A727BBD45F0094F2C7 /* Loading */,
				673848A127BB38B60094F2C7 /* UIButton */,
				6738489E27BAA7FC0094F2C7 /* UITextField */,
				6738489A27BA8AD90094F2C7 /* UIView */,
				673848C227BBEDF80094F2C7 /* Toast */,
				67F7A8AD27B64DD80041DC3A /* Resources */,
				67FE231F27B500F20078E2C2 /* UIComponents.h */,
				67FE232027B500F20078E2C2 /* UIComponents.docc */,
			);
			path = UIComponents;
			sourceTree = "<group>";
		};
		67FE232A27B500F20078E2C2 /* UIComponentsTests */ = {
			isa = PBXGroup;
			children = (
				67FE232B27B500F20078E2C2 /* UIComponentsTests.swift */,
			);
			path = UIComponentsTests;
			sourceTree = "<group>";
		};
		8FC391B59F7FF7E259A014CD /* Frameworks */ = {
			isa = PBXGroup;
			children = (
				3FAC70F0454C3FBA8332758C /* Pods_UIComponents.framework */,
				B7A8AB05924B7656DFA98B9F /* Pods_UIComponentsTests.framework */,
			);
			name = Frameworks;
			sourceTree = "<group>";
		};
		F251DBFF4ED42480A00A48DE /* Pods */ = {
			isa = PBXGroup;
			children = (
				819A4D125B48F6873832AAD0 /* Pods-UIComponents.debug.xcconfig */,
				417C72530A4D193B1636CD6A /* Pods-UIComponents.release.xcconfig */,
				3856A414D9BBCCD5DFC8D580 /* Pods-UIComponentsTests.debug.xcconfig */,
				CA14E17F3FD21ECB394A0ACC /* Pods-UIComponentsTests.release.xcconfig */,
			);
			name = Pods;
			path = ../Pods;
			sourceTree = "<group>";
		};
/* End PBXGroup section */

/* Begin PBXHeadersBuildPhase section */
		67FE231727B500F20078E2C2 /* Headers */ = {
			isa = PBXHeadersBuildPhase;
			buildActionMask = 2147483647;
			files = (
				67FE232D27B500F20078E2C2 /* UIComponents.h in Headers */,
			);
			runOnlyForDeploymentPostprocessing = 0;
		};
/* End PBXHeadersBuildPhase section */

/* Begin PBXNativeTarget section */
		67FE231B27B500F20078E2C2 /* UIComponents */ = {
			isa = PBXNativeTarget;
			buildConfigurationList = 67FE233027B500F20078E2C2 /* Build configuration list for PBXNativeTarget "UIComponents" */;
			buildPhases = (
				2260CF05357A057B9ED59C55 /* [CP] Check Pods Manifest.lock */,
				67F7A8D727B64FDB0041DC3A /* Run SwiftGen */,
				67FE231727B500F20078E2C2 /* Headers */,
				67FE231827B500F20078E2C2 /* Sources */,
				67FE231927B500F20078E2C2 /* Frameworks */,
				67FE231A27B500F20078E2C2 /* Resources */,
			);
			buildRules = (
			);
			dependencies = (
			);
			name = UIComponents;
			productName = UIComponents;
			productReference = 67FE231C27B500F20078E2C2 /* UIComponents.framework */;
			productType = "com.apple.product-type.framework";
		};
		67FE232527B500F20078E2C2 /* UIComponentsTests */ = {
			isa = PBXNativeTarget;
			buildConfigurationList = 67FE233327B500F20078E2C2 /* Build configuration list for PBXNativeTarget "UIComponentsTests" */;
			buildPhases = (
				A6F6B533D0560BA31F0E5532 /* [CP] Check Pods Manifest.lock */,
				67FE232227B500F20078E2C2 /* Sources */,
				67FE232327B500F20078E2C2 /* Frameworks */,
				67FE232427B500F20078E2C2 /* Resources */,
			);
			buildRules = (
			);
			dependencies = (
				67FE232927B500F20078E2C2 /* PBXTargetDependency */,
			);
			name = UIComponentsTests;
			productName = UIComponentsTests;
			productReference = 67FE232627B500F20078E2C2 /* UIComponentsTests.xctest */;
			productType = "com.apple.product-type.bundle.unit-test";
		};
/* End PBXNativeTarget section */

/* Begin PBXProject section */
		67FE231327B500F20078E2C2 /* Project object */ = {
			isa = PBXProject;
			attributes = {
				BuildIndependentTargetsInParallel = 1;
				LastSwiftUpdateCheck = 1320;
				LastUpgradeCheck = 1320;
				TargetAttributes = {
					67FE231B27B500F20078E2C2 = {
						CreatedOnToolsVersion = 13.2.1;
					};
					67FE232527B500F20078E2C2 = {
						CreatedOnToolsVersion = 13.2.1;
					};
				};
			};
			buildConfigurationList = 67FE231627B500F20078E2C2 /* Build configuration list for PBXProject "UIComponents" */;
			compatibilityVersion = "Xcode 13.0";
			developmentRegion = en;
			hasScannedForEncodings = 0;
			knownRegions = (
				en,
				Base,
			);
			mainGroup = 67FE231227B500F20078E2C2;
			productRefGroup = 67FE231D27B500F20078E2C2 /* Products */;
			projectDirPath = "";
			projectRoot = "";
			targets = (
				67FE231B27B500F20078E2C2 /* UIComponents */,
				67FE232527B500F20078E2C2 /* UIComponentsTests */,
			);
		};
/* End PBXProject section */

/* Begin PBXResourcesBuildPhase section */
		67FE231A27B500F20078E2C2 /* Resources */ = {
			isa = PBXResourcesBuildPhase;
			buildActionMask = 2147483647;
			files = (
				67F7A8AC27B64D790041DC3A /* swiftgen.yml in Resources */,
				67F7A8F327B6A4740041DC3A /* JosefinSans-Regular.ttf in Resources */,
				67F7A8D427B64DD80041DC3A /* Images.xcassets in Resources */,
				67F7A8D627B64E9D0041DC3A /* Colors.xcassets in Resources */,
				67F7A8D927B650FF0041DC3A /* Localizable.strings in Resources */,
				67F7A8F427B6A4740041DC3A /* JosefinSans-SemiBold.ttf in Resources */,
				67F7A8D227B64DD80041DC3A /* Icons.xcassets in Resources */,
				67F7A8F227B6A4740041DC3A /* JosefinSans-Bold.ttf in Resources */,
			);
			runOnlyForDeploymentPostprocessing = 0;
		};
		67FE232427B500F20078E2C2 /* Resources */ = {
			isa = PBXResourcesBuildPhase;
			buildActionMask = 2147483647;
			files = (
			);
			runOnlyForDeploymentPostprocessing = 0;
		};
/* End PBXResourcesBuildPhase section */

/* Begin PBXShellScriptBuildPhase section */
		2260CF05357A057B9ED59C55 /* [CP] Check Pods Manifest.lock */ = {
			isa = PBXShellScriptBuildPhase;
			buildActionMask = 2147483647;
			files = (
			);
			inputFileListPaths = (
			);
			inputPaths = (
				"${PODS_PODFILE_DIR_PATH}/Podfile.lock",
				"${PODS_ROOT}/Manifest.lock",
			);
			name = "[CP] Check Pods Manifest.lock";
			outputFileListPaths = (
			);
			outputPaths = (
				"$(DERIVED_FILE_DIR)/Pods-UIComponents-checkManifestLockResult.txt",
			);
			runOnlyForDeploymentPostprocessing = 0;
			shellPath = /bin/sh;
			shellScript = "diff \"${PODS_PODFILE_DIR_PATH}/Podfile.lock\" \"${PODS_ROOT}/Manifest.lock\" > /dev/null\nif [ $? != 0 ] ; then\n    # print error to STDERR\n    echo \"error: The sandbox is not in sync with the Podfile.lock. Run 'pod install' or update your CocoaPods installation.\" >&2\n    exit 1\nfi\n# This output is used by Xcode 'outputs' to avoid re-running this script phase.\necho \"SUCCESS\" > \"${SCRIPT_OUTPUT_FILE_0}\"\n";
			showEnvVarsInLog = 0;
		};
		67F7A8D727B64FDB0041DC3A /* Run SwiftGen */ = {
			isa = PBXShellScriptBuildPhase;
			buildActionMask = 2147483647;
			files = (
			);
			inputFileListPaths = (
			);
			inputPaths = (
			);
			name = "Run SwiftGen";
			outputFileListPaths = (
			);
			outputPaths = (
			);
			runOnlyForDeploymentPostprocessing = 0;
			shellPath = /bin/sh;
			shellScript = "if [[ -f \"${PODS_ROOT}/SwiftGen/bin/swiftgen\" ]]; then\n  \"${PODS_ROOT}/SwiftGen/bin/swiftgen\"\nelse\n  echo \"warning: SwiftGen is not installed. Run 'pod install --repo-update' to install it.\"\nfi\n";
		};
		A6F6B533D0560BA31F0E5532 /* [CP] Check Pods Manifest.lock */ = {
			isa = PBXShellScriptBuildPhase;
			buildActionMask = 2147483647;
			files = (
			);
			inputFileListPaths = (
			);
			inputPaths = (
				"${PODS_PODFILE_DIR_PATH}/Podfile.lock",
				"${PODS_ROOT}/Manifest.lock",
			);
			name = "[CP] Check Pods Manifest.lock";
			outputFileListPaths = (
			);
			outputPaths = (
				"$(DERIVED_FILE_DIR)/Pods-UIComponentsTests-checkManifestLockResult.txt",
			);
			runOnlyForDeploymentPostprocessing = 0;
			shellPath = /bin/sh;
			shellScript = "diff \"${PODS_PODFILE_DIR_PATH}/Podfile.lock\" \"${PODS_ROOT}/Manifest.lock\" > /dev/null\nif [ $? != 0 ] ; then\n    # print error to STDERR\n    echo \"error: The sandbox is not in sync with the Podfile.lock. Run 'pod install' or update your CocoaPods installation.\" >&2\n    exit 1\nfi\n# This output is used by Xcode 'outputs' to avoid re-running this script phase.\necho \"SUCCESS\" > \"${SCRIPT_OUTPUT_FILE_0}\"\n";
			showEnvVarsInLog = 0;
		};
/* End PBXShellScriptBuildPhase section */

/* Begin PBXSourcesBuildPhase section */
		67FE231827B500F20078E2C2 /* Sources */ = {
			isa = PBXSourcesBuildPhase;
			buildActionMask = 2147483647;
			files = (
				673848AF27BBD45F0094F2C7 /* BlockingActivityIndicator.swift in Sources */,
				67F7A8CD27B64DD80041DC3A /* Fonts.swift in Sources */,
				67F7A8D327B64DD80041DC3A /* UIColor+Colors.swift in Sources */,
				67F7A8D127B64DD80041DC3A /* UIImage+Images.swift in Sources */,
				6738489D27BA8B030094F2C7 /* AuthHeaderView.swift in Sources */,
				673848A027BAE5460094F2C7 /* AuthTextField.swift in Sources */,
				67F7A8C627B64DD80041DC3A /* StringConstants.swift in Sources */,
				673848C627BBEDF80094F2C7 /* ToastWarningView.swift in Sources */,
				67F7A8CF27B64DD80041DC3A /* UIImage+Icons.swift in Sources */,
				673848A327BB39270094F2C7 /* AuthButton.swift in Sources */,
				673848C527BBEDF80094F2C7 /* ToastPresenter.swift in Sources */,
				673848B827BBD6DB0094F2C7 /* ActivityIndicatorView.swift in Sources */,
				67F7A8C927B64DD80041DC3A /* UIFont+Extensions.swift in Sources */,
				67F7A8CE27B64DD80041DC3A /* Assets.swift in Sources */,
				67FE232127B500F20078E2C2 /* UIComponents.docc in Sources */,
				673848AD27BBD45F0094F2C7 /* ActivityIndicatorProtocol.swift in Sources */,
				673848AE27BBD45F0094F2C7 /* LoadingProtocol.swift in Sources */,
				673848A627BB7B5C0094F2C7 /* AuthFooterView.swift in Sources */,
			);
			runOnlyForDeploymentPostprocessing = 0;
		};
		67FE232227B500F20078E2C2 /* Sources */ = {
			isa = PBXSourcesBuildPhase;
			buildActionMask = 2147483647;
			files = (
				67FE232C27B500F20078E2C2 /* UIComponentsTests.swift in Sources */,
			);
			runOnlyForDeploymentPostprocessing = 0;
		};
/* End PBXSourcesBuildPhase section */

/* Begin PBXTargetDependency section */
		67FE232927B500F20078E2C2 /* PBXTargetDependency */ = {
			isa = PBXTargetDependency;
			target = 67FE231B27B500F20078E2C2 /* UIComponents */;
			targetProxy = 67FE232827B500F20078E2C2 /* PBXContainerItemProxy */;
		};
/* End PBXTargetDependency section */

/* Begin XCBuildConfiguration section */
		67FE232E27B500F20078E2C2 /* Debug */ = {
			isa = XCBuildConfiguration;
			buildSettings = {
				ALWAYS_SEARCH_USER_PATHS = NO;
				CLANG_ANALYZER_NONNULL = YES;
				CLANG_ANALYZER_NUMBER_OBJECT_CONVERSION = YES_AGGRESSIVE;
				CLANG_CXX_LANGUAGE_STANDARD = "gnu++17";
				CLANG_CXX_LIBRARY = "libc++";
				CLANG_ENABLE_MODULES = YES;
				CLANG_ENABLE_OBJC_ARC = YES;
				CLANG_ENABLE_OBJC_WEAK = YES;
				CLANG_WARN_BLOCK_CAPTURE_AUTORELEASING = YES;
				CLANG_WARN_BOOL_CONVERSION = YES;
				CLANG_WARN_COMMA = YES;
				CLANG_WARN_CONSTANT_CONVERSION = YES;
				CLANG_WARN_DEPRECATED_OBJC_IMPLEMENTATIONS = YES;
				CLANG_WARN_DIRECT_OBJC_ISA_USAGE = YES_ERROR;
				CLANG_WARN_DOCUMENTATION_COMMENTS = YES;
				CLANG_WARN_EMPTY_BODY = YES;
				CLANG_WARN_ENUM_CONVERSION = YES;
				CLANG_WARN_INFINITE_RECURSION = YES;
				CLANG_WARN_INT_CONVERSION = YES;
				CLANG_WARN_NON_LITERAL_NULL_CONVERSION = YES;
				CLANG_WARN_OBJC_IMPLICIT_RETAIN_SELF = YES;
				CLANG_WARN_OBJC_LITERAL_CONVERSION = YES;
				CLANG_WARN_OBJC_ROOT_CLASS = YES_ERROR;
				CLANG_WARN_QUOTED_INCLUDE_IN_FRAMEWORK_HEADER = YES;
				CLANG_WARN_RANGE_LOOP_ANALYSIS = YES;
				CLANG_WARN_STRICT_PROTOTYPES = YES;
				CLANG_WARN_SUSPICIOUS_MOVE = YES;
				CLANG_WARN_UNGUARDED_AVAILABILITY = YES_AGGRESSIVE;
				CLANG_WARN_UNREACHABLE_CODE = YES;
				CLANG_WARN__DUPLICATE_METHOD_MATCH = YES;
				COPY_PHASE_STRIP = NO;
				CURRENT_PROJECT_VERSION = 1;
				DEBUG_INFORMATION_FORMAT = dwarf;
				ENABLE_STRICT_OBJC_MSGSEND = YES;
				ENABLE_TESTABILITY = YES;
				GCC_C_LANGUAGE_STANDARD = gnu11;
				GCC_DYNAMIC_NO_PIC = NO;
				GCC_NO_COMMON_BLOCKS = YES;
				GCC_OPTIMIZATION_LEVEL = 0;
				GCC_PREPROCESSOR_DEFINITIONS = (
					"DEBUG=1",
					"$(inherited)",
				);
				GCC_WARN_64_TO_32_BIT_CONVERSION = YES;
				GCC_WARN_ABOUT_RETURN_TYPE = YES_ERROR;
				GCC_WARN_UNDECLARED_SELECTOR = YES;
				GCC_WARN_UNINITIALIZED_AUTOS = YES_AGGRESSIVE;
				GCC_WARN_UNUSED_FUNCTION = YES;
				GCC_WARN_UNUSED_VARIABLE = YES;
				IPHONEOS_DEPLOYMENT_TARGET = 11.0;
				MTL_ENABLE_DEBUG_INFO = INCLUDE_SOURCE;
				MTL_FAST_MATH = YES;
				ONLY_ACTIVE_ARCH = YES;
				SDKROOT = iphoneos;
				SWIFT_ACTIVE_COMPILATION_CONDITIONS = DEBUG;
				SWIFT_OPTIMIZATION_LEVEL = "-Onone";
				VERSIONING_SYSTEM = "apple-generic";
				VERSION_INFO_PREFIX = "";
			};
			name = Debug;
		};
		67FE232F27B500F20078E2C2 /* Release */ = {
			isa = XCBuildConfiguration;
			buildSettings = {
				ALWAYS_SEARCH_USER_PATHS = NO;
				CLANG_ANALYZER_NONNULL = YES;
				CLANG_ANALYZER_NUMBER_OBJECT_CONVERSION = YES_AGGRESSIVE;
				CLANG_CXX_LANGUAGE_STANDARD = "gnu++17";
				CLANG_CXX_LIBRARY = "libc++";
				CLANG_ENABLE_MODULES = YES;
				CLANG_ENABLE_OBJC_ARC = YES;
				CLANG_ENABLE_OBJC_WEAK = YES;
				CLANG_WARN_BLOCK_CAPTURE_AUTORELEASING = YES;
				CLANG_WARN_BOOL_CONVERSION = YES;
				CLANG_WARN_COMMA = YES;
				CLANG_WARN_CONSTANT_CONVERSION = YES;
				CLANG_WARN_DEPRECATED_OBJC_IMPLEMENTATIONS = YES;
				CLANG_WARN_DIRECT_OBJC_ISA_USAGE = YES_ERROR;
				CLANG_WARN_DOCUMENTATION_COMMENTS = YES;
				CLANG_WARN_EMPTY_BODY = YES;
				CLANG_WARN_ENUM_CONVERSION = YES;
				CLANG_WARN_INFINITE_RECURSION = YES;
				CLANG_WARN_INT_CONVERSION = YES;
				CLANG_WARN_NON_LITERAL_NULL_CONVERSION = YES;
				CLANG_WARN_OBJC_IMPLICIT_RETAIN_SELF = YES;
				CLANG_WARN_OBJC_LITERAL_CONVERSION = YES;
				CLANG_WARN_OBJC_ROOT_CLASS = YES_ERROR;
				CLANG_WARN_QUOTED_INCLUDE_IN_FRAMEWORK_HEADER = YES;
				CLANG_WARN_RANGE_LOOP_ANALYSIS = YES;
				CLANG_WARN_STRICT_PROTOTYPES = YES;
				CLANG_WARN_SUSPICIOUS_MOVE = YES;
				CLANG_WARN_UNGUARDED_AVAILABILITY = YES_AGGRESSIVE;
				CLANG_WARN_UNREACHABLE_CODE = YES;
				CLANG_WARN__DUPLICATE_METHOD_MATCH = YES;
				COPY_PHASE_STRIP = NO;
				CURRENT_PROJECT_VERSION = 1;
				DEBUG_INFORMATION_FORMAT = "dwarf-with-dsym";
				ENABLE_NS_ASSERTIONS = NO;
				ENABLE_STRICT_OBJC_MSGSEND = YES;
				GCC_C_LANGUAGE_STANDARD = gnu11;
				GCC_NO_COMMON_BLOCKS = YES;
				GCC_WARN_64_TO_32_BIT_CONVERSION = YES;
				GCC_WARN_ABOUT_RETURN_TYPE = YES_ERROR;
				GCC_WARN_UNDECLARED_SELECTOR = YES;
				GCC_WARN_UNINITIALIZED_AUTOS = YES_AGGRESSIVE;
				GCC_WARN_UNUSED_FUNCTION = YES;
				GCC_WARN_UNUSED_VARIABLE = YES;
				IPHONEOS_DEPLOYMENT_TARGET = 11.0;
				MTL_ENABLE_DEBUG_INFO = NO;
				MTL_FAST_MATH = YES;
				SDKROOT = iphoneos;
				SWIFT_COMPILATION_MODE = wholemodule;
				SWIFT_OPTIMIZATION_LEVEL = "-O";
				VALIDATE_PRODUCT = YES;
				VERSIONING_SYSTEM = "apple-generic";
				VERSION_INFO_PREFIX = "";
			};
			name = Release;
		};
		67FE233127B500F20078E2C2 /* Debug */ = {
			isa = XCBuildConfiguration;
			baseConfigurationReference = 819A4D125B48F6873832AAD0 /* Pods-UIComponents.debug.xcconfig */;
			buildSettings = {
				CODE_SIGN_STYLE = Automatic;
				CURRENT_PROJECT_VERSION = 1;
				DEFINES_MODULE = YES;
				DEVELOPMENT_TEAM = BNK334U5U9;
				DYLIB_COMPATIBILITY_VERSION = 1;
				DYLIB_CURRENT_VERSION = 1;
				DYLIB_INSTALL_NAME_BASE = "@rpath";
				"EXCLUDED_ARCHS[sdk=iphonesimulator*]" = arm64;
				GENERATE_INFOPLIST_FILE = YES;
				INFOPLIST_KEY_NSHumanReadableCopyright = "";
				INSTALL_PATH = "$(LOCAL_LIBRARY_DIR)/Frameworks";
				LD_RUNPATH_SEARCH_PATHS = (
					"$(inherited)",
					"@executable_path/Frameworks",
					"@loader_path/Frameworks",
				);
				MARKETING_VERSION = 1.0;
				ONLY_ACTIVE_ARCH = YES;
				PRODUCT_BUNDLE_IDENTIFIER = com.mehmetsalihcelik.UIComponents;
				PRODUCT_NAME = "$(TARGET_NAME:c99extidentifier)";
				SKIP_INSTALL = YES;
				SWIFT_EMIT_LOC_STRINGS = YES;
				SWIFT_VERSION = 5.0;
				TARGETED_DEVICE_FAMILY = "1,2";
			};
			name = Debug;
		};
		67FE233227B500F20078E2C2 /* Release */ = {
			isa = XCBuildConfiguration;
			baseConfigurationReference = 417C72530A4D193B1636CD6A /* Pods-UIComponents.release.xcconfig */;
			buildSettings = {
				CODE_SIGN_STYLE = Automatic;
				CURRENT_PROJECT_VERSION = 1;
				DEFINES_MODULE = YES;
				DEVELOPMENT_TEAM = BNK334U5U9;
				DYLIB_COMPATIBILITY_VERSION = 1;
				DYLIB_CURRENT_VERSION = 1;
				DYLIB_INSTALL_NAME_BASE = "@rpath";
				"EXCLUDED_ARCHS[sdk=iphonesimulator*]" = arm64;
				GENERATE_INFOPLIST_FILE = YES;
				INFOPLIST_KEY_NSHumanReadableCopyright = "";
				INSTALL_PATH = "$(LOCAL_LIBRARY_DIR)/Frameworks";
				LD_RUNPATH_SEARCH_PATHS = (
					"$(inherited)",
					"@executable_path/Frameworks",
					"@loader_path/Frameworks",
				);
				MARKETING_VERSION = 1.0;
				ONLY_ACTIVE_ARCH = YES;
				PRODUCT_BUNDLE_IDENTIFIER = com.mehmetsalihcelik.UIComponents;
				PRODUCT_NAME = "$(TARGET_NAME:c99extidentifier)";
				SKIP_INSTALL = YES;
				SWIFT_EMIT_LOC_STRINGS = YES;
				SWIFT_VERSION = 5.0;
				TARGETED_DEVICE_FAMILY = "1,2";
			};
			name = Release;
		};
		67FE233427B500F20078E2C2 /* Debug */ = {
			isa = XCBuildConfiguration;
			baseConfigurationReference = 3856A414D9BBCCD5DFC8D580 /* Pods-UIComponentsTests.debug.xcconfig */;
			buildSettings = {
				ALWAYS_EMBED_SWIFT_STANDARD_LIBRARIES = YES;
				CODE_SIGN_STYLE = Automatic;
				CURRENT_PROJECT_VERSION = 1;
				DEVELOPMENT_TEAM = BNK334U5U9;
				GENERATE_INFOPLIST_FILE = YES;
				MARKETING_VERSION = 1.0;
				PRODUCT_BUNDLE_IDENTIFIER = com.mehmetsalihcelik.UIComponentsTests;
				PRODUCT_NAME = "$(TARGET_NAME)";
				SWIFT_EMIT_LOC_STRINGS = NO;
				SWIFT_VERSION = 5.0;
				TARGETED_DEVICE_FAMILY = "1,2";
			};
			name = Debug;
		};
		67FE233527B500F20078E2C2 /* Release */ = {
			isa = XCBuildConfiguration;
			baseConfigurationReference = CA14E17F3FD21ECB394A0ACC /* Pods-UIComponentsTests.release.xcconfig */;
			buildSettings = {
				ALWAYS_EMBED_SWIFT_STANDARD_LIBRARIES = YES;
				CODE_SIGN_STYLE = Automatic;
				CURRENT_PROJECT_VERSION = 1;
				DEVELOPMENT_TEAM = BNK334U5U9;
				GENERATE_INFOPLIST_FILE = YES;
				MARKETING_VERSION = 1.0;
				PRODUCT_BUNDLE_IDENTIFIER = com.mehmetsalihcelik.UIComponentsTests;
				PRODUCT_NAME = "$(TARGET_NAME)";
				SWIFT_EMIT_LOC_STRINGS = NO;
				SWIFT_VERSION = 5.0;
				TARGETED_DEVICE_FAMILY = "1,2";
			};
			name = Release;
		};
/* End XCBuildConfiguration section */

/* Begin XCConfigurationList section */
		67FE231627B500F20078E2C2 /* Build configuration list for PBXProject "UIComponents" */ = {
			isa = XCConfigurationList;
			buildConfigurations = (
				67FE232E27B500F20078E2C2 /* Debug */,
				67FE232F27B500F20078E2C2 /* Release */,
			);
			defaultConfigurationIsVisible = 0;
			defaultConfigurationName = Release;
		};
		67FE233027B500F20078E2C2 /* Build configuration list for PBXNativeTarget "UIComponents" */ = {
			isa = XCConfigurationList;
			buildConfigurations = (
				67FE233127B500F20078E2C2 /* Debug */,
				67FE233227B500F20078E2C2 /* Release */,
			);
			defaultConfigurationIsVisible = 0;
			defaultConfigurationName = Release;
		};
		67FE233327B500F20078E2C2 /* Build configuration list for PBXNativeTarget "UIComponentsTests" */ = {
			isa = XCConfigurationList;
			buildConfigurations = (
				67FE233427B500F20078E2C2 /* Debug */,
				67FE233527B500F20078E2C2 /* Release */,
			);
			defaultConfigurationIsVisible = 0;
			defaultConfigurationName = Release;
		};
/* End XCConfigurationList section */
	};
	rootObject = 67FE231327B500F20078E2C2 /* Project object */;
}
